// !$*UTF8*$!
{
	archiveVersion = 1;
	classes = {
	};
	objectVersion = 46;
	objects = {

/* Begin PBXBuildFile section */
		AD0EFAB71F9DD74F007D7BE0 /* FifoListQueue.h in Headers */ = {isa = PBXBuildFile; fileRef = AD0EFAB51F9DD74F007D7BE0 /* FifoListQueue.h */; };
		AD0EFAB81F9DD74F007D7BE0 /* FifoListQueue.m in Sources */ = {isa = PBXBuildFile; fileRef = AD0EFAB61F9DD74F007D7BE0 /* FifoListQueue.m */; };
		AD0EFABA1F9DD775007D7BE0 /* ListQueue.h in Headers */ = {isa = PBXBuildFile; fileRef = AD0EFAB91F9DD775007D7BE0 /* ListQueue.h */; };
		AD1254831F4563CB00EBC849 /* VLTMotionDetectResult.h in Headers */ = {isa = PBXBuildFile; fileRef = AD1254811F4563CB00EBC849 /* VLTMotionDetectResult.h */; };
		AD1254841F4563CB00EBC849 /* VLTMotionDetectResult.m in Sources */ = {isa = PBXBuildFile; fileRef = AD1254821F4563CB00EBC849 /* VLTMotionDetectResult.m */; };
		AD1380A81F45AD25005400AA /* VLTClientTests.m in Sources */ = {isa = PBXBuildFile; fileRef = AD1380A71F45AD25005400AA /* VLTClientTests.m */; };
		AD178CE31E6EEF5B00F8B187 /* VLTActivityItem.h in Headers */ = {isa = PBXBuildFile; fileRef = AD178C9B1E6EEF5B00F8B187 /* VLTActivityItem.h */; };
		AD178CE41E6EEF5B00F8B187 /* VLTActivityItem.m in Sources */ = {isa = PBXBuildFile; fileRef = AD178C9C1E6EEF5B00F8B187 /* VLTActivityItem.m */; };
		AD178CE51E6EEF5B00F8B187 /* VLTApiClient.h in Headers */ = {isa = PBXBuildFile; fileRef = AD178C9D1E6EEF5B00F8B187 /* VLTApiClient.h */; };
		AD178CE61E6EEF5B00F8B187 /* VLTApiClient.m in Sources */ = {isa = PBXBuildFile; fileRef = AD178C9E1E6EEF5B00F8B187 /* VLTApiClient.m */; };
		AD178CE71E6EEF5B00F8B187 /* VLTConfig.h in Headers */ = {isa = PBXBuildFile; fileRef = AD178C9F1E6EEF5B00F8B187 /* VLTConfig.h */; };
		AD178CE81E6EEF5B00F8B187 /* VLTConfig.m in Sources */ = {isa = PBXBuildFile; fileRef = AD178CA01E6EEF5B00F8B187 /* VLTConfig.m */; };
		AD178CE91E6EEF5B00F8B187 /* VLTConstants.h in Headers */ = {isa = PBXBuildFile; fileRef = AD178CA11E6EEF5B00F8B187 /* VLTConstants.h */; };
		AD178CEA1E6EEF5B00F8B187 /* VLTConstants.m in Sources */ = {isa = PBXBuildFile; fileRef = AD178CA21E6EEF5B00F8B187 /* VLTConstants.m */; };
		AD178CEB1E6EEF5B00F8B187 /* VLTCore.h in Headers */ = {isa = PBXBuildFile; fileRef = AD178CA31E6EEF5B00F8B187 /* VLTCore.h */; };
		AD178CEC1E6EEF5B00F8B187 /* VLTCore.m in Sources */ = {isa = PBXBuildFile; fileRef = AD178CA41E6EEF5B00F8B187 /* VLTCore.m */; };
		AD178CED1E6EEF5B00F8B187 /* VLTMotion.h in Headers */ = {isa = PBXBuildFile; fileRef = AD178CA51E6EEF5B00F8B187 /* VLTMotion.h */; };
		AD178CEE1E6EEF5B00F8B187 /* VLTMotion.m in Sources */ = {isa = PBXBuildFile; fileRef = AD178CA61E6EEF5B00F8B187 /* VLTMotion.m */; };
		AD178CEF1E6EEF5B00F8B187 /* VLTNotification.h in Headers */ = {isa = PBXBuildFile; fileRef = AD178CA71E6EEF5B00F8B187 /* VLTNotification.h */; };
		AD178CF01E6EEF5B00F8B187 /* VLTNotification.m in Sources */ = {isa = PBXBuildFile; fileRef = AD178CA81E6EEF5B00F8B187 /* VLTNotification.m */; };
		AD178CF31E6EEF5B00F8B187 /* VLTRecordingConfig.h in Headers */ = {isa = PBXBuildFile; fileRef = AD178CAB1E6EEF5B00F8B187 /* VLTRecordingConfig.h */; };
		AD178CF41E6EEF5B00F8B187 /* VLTRecordingConfig.m in Sources */ = {isa = PBXBuildFile; fileRef = AD178CAC1E6EEF5B00F8B187 /* VLTRecordingConfig.m */; };
		AD178CF91E6EEF5B00F8B187 /* VLTAccSensorRecorder.h in Headers */ = {isa = PBXBuildFile; fileRef = AD178CB31E6EEF5B00F8B187 /* VLTAccSensorRecorder.h */; };
		AD178CFA1E6EEF5B00F8B187 /* VLTAccSensorRecorder.m in Sources */ = {isa = PBXBuildFile; fileRef = AD178CB41E6EEF5B00F8B187 /* VLTAccSensorRecorder.m */; };
		AD178CFB1E6EEF5B00F8B187 /* VLTGyroSensorRecorder.h in Headers */ = {isa = PBXBuildFile; fileRef = AD178CB51E6EEF5B00F8B187 /* VLTGyroSensorRecorder.h */; };
		AD178CFC1E6EEF5B00F8B187 /* VLTGyroSensorRecorder.m in Sources */ = {isa = PBXBuildFile; fileRef = AD178CB61E6EEF5B00F8B187 /* VLTGyroSensorRecorder.m */; };
		AD178CFD1E6EEF5B00F8B187 /* VLTMotionRecorder.h in Headers */ = {isa = PBXBuildFile; fileRef = AD178CB71E6EEF5B00F8B187 /* VLTMotionRecorder.h */; };
		AD178CFE1E6EEF5B00F8B187 /* VLTMultiMotionRecorder.h in Headers */ = {isa = PBXBuildFile; fileRef = AD178CB81E6EEF5B00F8B187 /* VLTMultiMotionRecorder.h */; };
		AD178CFF1E6EEF5B00F8B187 /* VLTMultiMotionRecorder.m in Sources */ = {isa = PBXBuildFile; fileRef = AD178CB91E6EEF5B00F8B187 /* VLTMultiMotionRecorder.m */; };
		AD178D001E6EEF5B00F8B187 /* VLTSensorRecorder.h in Headers */ = {isa = PBXBuildFile; fileRef = AD178CBA1E6EEF5B00F8B187 /* VLTSensorRecorder.h */; };
		AD178D011E6EEF5B00F8B187 /* VLTSensorRecorder.m in Sources */ = {isa = PBXBuildFile; fileRef = AD178CBB1E6EEF5B00F8B187 /* VLTSensorRecorder.m */; };
		AD178D021E6EEF5B00F8B187 /* VLTSensorTypes.h in Headers */ = {isa = PBXBuildFile; fileRef = AD178CBC1E6EEF5B00F8B187 /* VLTSensorTypes.h */; };
		AD178D031E6EEF5B00F8B187 /* VLTData.h in Headers */ = {isa = PBXBuildFile; fileRef = AD178CBE1E6EEF5B00F8B187 /* VLTData.h */; };
		AD178D041E6EEF5B00F8B187 /* VLTData.m in Sources */ = {isa = PBXBuildFile; fileRef = AD178CBF1E6EEF5B00F8B187 /* VLTData.m */; };
		AD178D051E6EEF5B00F8B187 /* VLTSample.h in Headers */ = {isa = PBXBuildFile; fileRef = AD178CC01E6EEF5B00F8B187 /* VLTSample.h */; };
		AD178D061E6EEF5B00F8B187 /* VLTSampleBuilder.h in Headers */ = {isa = PBXBuildFile; fileRef = AD178CC11E6EEF5B00F8B187 /* VLTSampleBuilder.h */; };
		AD178D071E6EEF5B00F8B187 /* VLTSampleBuilder.m in Sources */ = {isa = PBXBuildFile; fileRef = AD178CC21E6EEF5B00F8B187 /* VLTSampleBuilder.m */; };
		AD178D081E6EEF5B00F8B187 /* VLTSimpleSample.h in Headers */ = {isa = PBXBuildFile; fileRef = AD178CC31E6EEF5B00F8B187 /* VLTSimpleSample.h */; };
		AD178D091E6EEF5B00F8B187 /* VLTSimpleSample.m in Sources */ = {isa = PBXBuildFile; fileRef = AD178CC41E6EEF5B00F8B187 /* VLTSimpleSample.m */; };
		AD178D0A1E6EEF5B00F8B187 /* VLTSensorBuilder.h in Headers */ = {isa = PBXBuildFile; fileRef = AD178CC51E6EEF5B00F8B187 /* VLTSensorBuilder.h */; };
		AD178D0B1E6EEF5B00F8B187 /* VLTSensorBuilder.m in Sources */ = {isa = PBXBuildFile; fileRef = AD178CC61E6EEF5B00F8B187 /* VLTSensorBuilder.m */; };
		AD178D0E1E6EEF5B00F8B187 /* VLTDate.h in Headers */ = {isa = PBXBuildFile; fileRef = AD178CCA1E6EEF5B00F8B187 /* VLTDate.h */; };
		AD178D0F1E6EEF5B00F8B187 /* VLTDate.m in Sources */ = {isa = PBXBuildFile; fileRef = AD178CCB1E6EEF5B00F8B187 /* VLTDate.m */; };
		AD178D101E6EEF5B00F8B187 /* VLTMacros.h in Headers */ = {isa = PBXBuildFile; fileRef = AD178CCC1E6EEF5B00F8B187 /* VLTMacros.h */; };
		AD178D111E6EEF5B00F8B187 /* VLTProtobufHelper.h in Headers */ = {isa = PBXBuildFile; fileRef = AD178CCD1E6EEF5B00F8B187 /* VLTProtobufHelper.h */; };
		AD178D121E6EEF5B00F8B187 /* VLTProtobufHelper.m in Sources */ = {isa = PBXBuildFile; fileRef = AD178CCE1E6EEF5B00F8B187 /* VLTProtobufHelper.m */; };
		AD178D131E6EEF5B00F8B187 /* VLTErrors.h in Headers */ = {isa = PBXBuildFile; fileRef = AD178CCF1E6EEF5B00F8B187 /* VLTErrors.h */; settings = {ATTRIBUTES = (Public, ); }; };
		AD178D141E6EEF5B00F8B187 /* VLTManager.h in Headers */ = {isa = PBXBuildFile; fileRef = AD178CD01E6EEF5B00F8B187 /* VLTManager.h */; settings = {ATTRIBUTES = (Public, ); }; };
		AD178D151E6EEF5B00F8B187 /* VLTManager.m in Sources */ = {isa = PBXBuildFile; fileRef = AD178CD11E6EEF5B00F8B187 /* VLTManager.m */; };
		AD178D301E6EF4A400F8B187 /* AFNetworking.framework in Frameworks */ = {isa = PBXBuildFile; fileRef = AD178D2F1E6EF4A400F8B187 /* AFNetworking.framework */; };
		AD24C3351F3C882600F3DB78 /* VLTGPSTests.m in Sources */ = {isa = PBXBuildFile; fileRef = AD24C3341F3C882600F3DB78 /* VLTGPSTests.m */; };
		AD24C3391F3C8C5C00F3DB78 /* VLTGPSSensorRecorderTests.m in Sources */ = {isa = PBXBuildFile; fileRef = AD24C3381F3C8C5C00F3DB78 /* VLTGPSSensorRecorderTests.m */; };
		AD30C1C81F9A21DA0056347E /* SocketRocket.framework in Frameworks */ = {isa = PBXBuildFile; fileRef = AD30C1C71F9A21D90056347E /* SocketRocket.framework */; };
		AD30C1CB1F9A23330056347E /* VLTWsApiClient.h in Headers */ = {isa = PBXBuildFile; fileRef = AD30C1C91F9A23330056347E /* VLTWsApiClient.h */; };
		AD30C1CC1F9A23330056347E /* VLTWsApiClient.m in Sources */ = {isa = PBXBuildFile; fileRef = AD30C1CA1F9A23330056347E /* VLTWsApiClient.m */; };
		AD30C1D41F9A43E10056347E /* VLTWsApiClientRequest.h in Headers */ = {isa = PBXBuildFile; fileRef = AD30C1D21F9A43E10056347E /* VLTWsApiClientRequest.h */; };
		AD30C1D51F9A43E10056347E /* VLTWsApiClientRequest.m in Sources */ = {isa = PBXBuildFile; fileRef = AD30C1D31F9A43E10056347E /* VLTWsApiClientRequest.m */; };
		AD393D761F9E520400F7E15A /* libProtocolBuffers.a in Frameworks */ = {isa = PBXBuildFile; fileRef = AD393D6F1F9E51F100F7E15A /* libProtocolBuffers.a */; };
		AD393D791F9E98A100F7E15A /* Velocity.pbobjc.m in Sources */ = {isa = PBXBuildFile; fileRef = AD393D771F9E98A100F7E15A /* Velocity.pbobjc.m */; settings = {COMPILER_FLAGS = "-fno-objc-arc"; }; };
		AD393D7A1F9E98A100F7E15A /* Velocity.pbobjc.h in Headers */ = {isa = PBXBuildFile; fileRef = AD393D781F9E98A100F7E15A /* Velocity.pbobjc.h */; };
		AD393D7B1F9E9FDC00F7E15A /* SocketRocket.framework in Copy Frameworks */ = {isa = PBXBuildFile; fileRef = AD30C1C71F9A21D90056347E /* SocketRocket.framework */; settings = {ATTRIBUTES = (CodeSignOnCopy, RemoveHeadersOnCopy, ); }; };
		AD393D7F1F9F54FA00F7E15A /* VLTWsApiClientTests.m in Sources */ = {isa = PBXBuildFile; fileRef = AD393D7E1F9F54FA00F7E15A /* VLTWsApiClientTests.m */; };
		AD393D821FA06E2400F7E15A /* VLTWsApiOperation.h in Headers */ = {isa = PBXBuildFile; fileRef = AD393D801FA06E2400F7E15A /* VLTWsApiOperation.h */; };
		AD393D831FA06E2400F7E15A /* VLTWsApiOperation.m in Sources */ = {isa = PBXBuildFile; fileRef = AD393D811FA06E2400F7E15A /* VLTWsApiOperation.m */; };
		AD393D8C1FA0743E00F7E15A /* VLTCaptureUpload.h in Headers */ = {isa = PBXBuildFile; fileRef = AD393D8B1FA0743E00F7E15A /* VLTCaptureUpload.h */; };
		AD393D8F1FA07E2B00F7E15A /* VLTMotionDetect.h in Headers */ = {isa = PBXBuildFile; fileRef = AD393D8E1FA07E2B00F7E15A /* VLTMotionDetect.h */; };
		AD3D91291F3B461000208BA1 /* VLTSimulatorSensorRecorder.h in Headers */ = {isa = PBXBuildFile; fileRef = AD3D91271F3B461000208BA1 /* VLTSimulatorSensorRecorder.h */; };
		AD3D912A1F3B461000208BA1 /* VLTSimulatorSensorRecorder.m in Sources */ = {isa = PBXBuildFile; fileRef = AD3D91281F3B461000208BA1 /* VLTSimulatorSensorRecorder.m */; };
		AD3D912D1F3C7CC700208BA1 /* VLTGPSSensorRecorder.h in Headers */ = {isa = PBXBuildFile; fileRef = AD3D912B1F3C7CC700208BA1 /* VLTGPSSensorRecorder.h */; };
		AD3D912E1F3C7CC700208BA1 /* VLTGPSSensorRecorder.m in Sources */ = {isa = PBXBuildFile; fileRef = AD3D912C1F3C7CC700208BA1 /* VLTGPSSensorRecorder.m */; };
		AD5D39CF1F45C0B50042A4A2 /* VLTOperation.h in Headers */ = {isa = PBXBuildFile; fileRef = AD5D39C91F45C0B50042A4A2 /* VLTOperation.h */; };
		AD5D39D01F45C0B50042A4A2 /* VLTOperation.m in Sources */ = {isa = PBXBuildFile; fileRef = AD5D39CA1F45C0B50042A4A2 /* VLTOperation.m */; };
		AD5D39F81F4AC2510042A4A2 /* VLTMotionDataOperation.h in Headers */ = {isa = PBXBuildFile; fileRef = AD5D39F61F4AC2510042A4A2 /* VLTMotionDataOperation.h */; };
		AD5D39F91F4AC2510042A4A2 /* VLTMotionDataOperation.m in Sources */ = {isa = PBXBuildFile; fileRef = AD5D39F71F4AC2510042A4A2 /* VLTMotionDataOperation.m */; };
		AD5D39FC1F4AC4800042A4A2 /* VLTLabeledDataUploadOperation.h in Headers */ = {isa = PBXBuildFile; fileRef = AD5D39FA1F4AC4800042A4A2 /* VLTLabeledDataUploadOperation.h */; };
		AD5D39FD1F4AC4800042A4A2 /* VLTLabeledDataUploadOperation.m in Sources */ = {isa = PBXBuildFile; fileRef = AD5D39FB1F4AC4800042A4A2 /* VLTLabeledDataUploadOperation.m */; };
		AD5D39FF1F4ACA8E0042A4A2 /* VLTLabeledDataUploadOperationTests.m in Sources */ = {isa = PBXBuildFile; fileRef = AD5D39FE1F4ACA8E0042A4A2 /* VLTLabeledDataUploadOperationTests.m */; };
		AD5D3A021F4AE8B80042A4A2 /* VLTHTTPCaptureUploadOperation.h in Headers */ = {isa = PBXBuildFile; fileRef = AD5D3A001F4AE8B80042A4A2 /* VLTHTTPCaptureUploadOperation.h */; };
		AD5D3A031F4AE8B80042A4A2 /* VLTHTTPCaptureUploadOperation.m in Sources */ = {isa = PBXBuildFile; fileRef = AD5D3A011F4AE8B80042A4A2 /* VLTHTTPCaptureUploadOperation.m */; };
		AD5D3A081F4AEDEB0042A4A2 /* VLTDrivingDetectOperation.h in Headers */ = {isa = PBXBuildFile; fileRef = AD5D3A041F4AEDEB0042A4A2 /* VLTDrivingDetectOperation.h */; };
		AD5D3A091F4AEDEB0042A4A2 /* VLTDrivingDetectOperation.m in Sources */ = {isa = PBXBuildFile; fileRef = AD5D3A051F4AEDEB0042A4A2 /* VLTDrivingDetectOperation.m */; };
		AD5D3A0A1F4AEDEB0042A4A2 /* VLTHTTPMotionDetectOperation.h in Headers */ = {isa = PBXBuildFile; fileRef = AD5D3A061F4AEDEB0042A4A2 /* VLTHTTPMotionDetectOperation.h */; };
		AD5D3A0B1F4AEDEB0042A4A2 /* VLTHTTPMotionDetectOperation.m in Sources */ = {isa = PBXBuildFile; fileRef = AD5D3A071F4AEDEB0042A4A2 /* VLTHTTPMotionDetectOperation.m */; };
		AD5D3A0D1F4AF1630042A4A2 /* VLTDrivingDetectOperationTests.m in Sources */ = {isa = PBXBuildFile; fileRef = AD5D3A0C1F4AF1630042A4A2 /* VLTDrivingDetectOperationTests.m */; };
		AD5D3A0F1F4AF1B40042A4A2 /* VLTHTTPCaptureUploadOperationTests.m in Sources */ = {isa = PBXBuildFile; fileRef = AD5D3A0E1F4AF1B40042A4A2 /* VLTHTTPCaptureUploadOperationTests.m */; };
		AD6C939B1F45722A00702051 /* VLTClient.h in Headers */ = {isa = PBXBuildFile; fileRef = AD6C93991F45722A00702051 /* VLTClient.h */; };
		AD6C939C1F45722A00702051 /* VLTClient.m in Sources */ = {isa = PBXBuildFile; fileRef = AD6C939A1F45722A00702051 /* VLTClient.m */; };
		AD72F8F71E5E534A000EDAB1 /* OCMock.framework in Copy Frameworks */ = {isa = PBXBuildFile; fileRef = AD72F8F61E5E534A000EDAB1 /* OCMock.framework */; settings = {ATTRIBUTES = (CodeSignOnCopy, RemoveHeadersOnCopy, ); }; };
		AD85FE921F4C47B800656A6D /* VLTGPS.h in Headers */ = {isa = PBXBuildFile; fileRef = AD85FE901F4C47B800656A6D /* VLTGPS.h */; };
		AD85FE931F4C47B800656A6D /* VLTGPS.m in Sources */ = {isa = PBXBuildFile; fileRef = AD85FE911F4C47B800656A6D /* VLTGPS.m */; };
		AD9674C61E6F0ADC001D536D /* VLTApiClientTests.m in Sources */ = {isa = PBXBuildFile; fileRef = ADF433B41E5E4555002D9097 /* VLTApiClientTests.m */; };
		AD9674C71E6F0ADF001D536D /* VLTManagerTests.m in Sources */ = {isa = PBXBuildFile; fileRef = AD72F9121E5EFDC2000EDAB1 /* VLTManagerTests.m */; };
		AD9674DA1E6F0C8A001D536D /* VelocitySDK.framework in Frameworks */ = {isa = PBXBuildFile; fileRef = AD178C7A1E6EEA8400F8B187 /* VelocitySDK.framework */; };
		AD9674DF1E6F0E9D001D536D /* AFNetworking.framework in Copy Frameworks */ = {isa = PBXBuildFile; fileRef = AD178D2F1E6EF4A400F8B187 /* AFNetworking.framework */; settings = {ATTRIBUTES = (CodeSignOnCopy, RemoveHeadersOnCopy, ); }; };
		AD9918FF1F4B06CE0002DE4E /* VLTParkedDetectOperation.h in Headers */ = {isa = PBXBuildFile; fileRef = AD9918FD1F4B06CE0002DE4E /* VLTParkedDetectOperation.h */; };
		AD9919001F4B06CE0002DE4E /* VLTParkedDetectOperation.m in Sources */ = {isa = PBXBuildFile; fileRef = AD9918FE1F4B06CE0002DE4E /* VLTParkedDetectOperation.m */; };
		AD9919021F4B0C8F0002DE4E /* VLTParkedDetectionOperationTests.m in Sources */ = {isa = PBXBuildFile; fileRef = AD9919011F4B0C8F0002DE4E /* VLTParkedDetectionOperationTests.m */; };
		AD9D698C1FA0A3C70060AA25 /* VLTWsMotionDetectOperation.h in Headers */ = {isa = PBXBuildFile; fileRef = AD9D698A1FA0A3C70060AA25 /* VLTWsMotionDetectOperation.h */; };
		AD9D698D1FA0A3C70060AA25 /* VLTWsMotionDetectOperation.m in Sources */ = {isa = PBXBuildFile; fileRef = AD9D698B1FA0A3C70060AA25 /* VLTWsMotionDetectOperation.m */; };
		AD9D69951FA0B0010060AA25 /* VLTWsCaptureUploadOperation.h in Headers */ = {isa = PBXBuildFile; fileRef = AD9D69931FA0B0010060AA25 /* VLTWsCaptureUploadOperation.h */; };
		AD9D69961FA0B0010060AA25 /* VLTWsCaptureUploadOperation.m in Sources */ = {isa = PBXBuildFile; fileRef = AD9D69941FA0B0010060AA25 /* VLTWsCaptureUploadOperation.m */; };
		AD9D699C1FA0B3E70060AA25 /* VLTWsParkedDetectOperation.h in Headers */ = {isa = PBXBuildFile; fileRef = AD9D699A1FA0B3E70060AA25 /* VLTWsParkedDetectOperation.h */; };
		AD9D699D1FA0B3E70060AA25 /* VLTWsParkedDetectOperation.m in Sources */ = {isa = PBXBuildFile; fileRef = AD9D699B1FA0B3E70060AA25 /* VLTWsParkedDetectOperation.m */; };
		AD9D699F1FA0B3FA0060AA25 /* VLTParkedDetect.h in Headers */ = {isa = PBXBuildFile; fileRef = AD9D699E1FA0B3FA0060AA25 /* VLTParkedDetect.h */; };
		ADA659001F4D65E000611F75 /* VLTCoreMotionActivityTracker.h in Headers */ = {isa = PBXBuildFile; fileRef = ADA658FE1F4D65E000611F75 /* VLTCoreMotionActivityTracker.h */; };
		ADA659011F4D65E000611F75 /* VLTCoreMotionActivityTracker.m in Sources */ = {isa = PBXBuildFile; fileRef = ADA658FF1F4D65E000611F75 /* VLTCoreMotionActivityTracker.m */; };
		ADB3F1FA1F349CBC001A191D /* VLTUserDataStore.h in Headers */ = {isa = PBXBuildFile; fileRef = ADB3F1F81F349CBC001A191D /* VLTUserDataStore.h */; };
		ADB3F1FB1F349CBC001A191D /* VLTUserDataStore.m in Sources */ = {isa = PBXBuildFile; fileRef = ADB3F1F91F349CBC001A191D /* VLTUserDataStore.m */; };
		ADF383C71FA1BFDE0099D867 /* VLTWsParkedDetectOperationTests.m in Sources */ = {isa = PBXBuildFile; fileRef = ADF383C61FA1BFDE0099D867 /* VLTWsParkedDetectOperationTests.m */; };
		ADF383C91FA2004F0099D867 /* VLTWsMotionDetectOperationTests.m in Sources */ = {isa = PBXBuildFile; fileRef = ADF383C81FA2004F0099D867 /* VLTWsMotionDetectOperationTests.m */; };
		ADF383CB1FA20CF80099D867 /* VLTWsCaptureUploadOperationTests.m in Sources */ = {isa = PBXBuildFile; fileRef = ADF383CA1FA20CF80099D867 /* VLTWsCaptureUploadOperationTests.m */; };
		B92162901F8F840B009E18D0 /* VLTDataThrottler.h in Headers */ = {isa = PBXBuildFile; fileRef = B921628E1F8F840B009E18D0 /* VLTDataThrottler.h */; };
		B92162911F8F840B009E18D0 /* VLTDataThrottler.m in Sources */ = {isa = PBXBuildFile; fileRef = B921628F1F8F840B009E18D0 /* VLTDataThrottler.m */; };
		B9746AF81F90D7520079F409 /* VLTDataThrottlerTests.m in Sources */ = {isa = PBXBuildFile; fileRef = B9746AF71F90D7520079F409 /* VLTDataThrottlerTests.m */; };
		B9D427611FED0AB2000D9818 /* VLTSensorRecorderTests.m in Sources */ = {isa = PBXBuildFile; fileRef = B9D427601FED0AB2000D9818 /* VLTSensorRecorderTests.m */; };
/* End PBXBuildFile section */

/* Begin PBXContainerItemProxy section */
		AD393D6E1F9E51F100F7E15A /* PBXContainerItemProxy */ = {
			isa = PBXContainerItemProxy;
			containerPortal = AD393D661F9E51F100F7E15A /* ProtocolBuffers_iOS.xcodeproj */;
			proxyType = 2;
			remoteGlobalIDString = 7461B52E0F94FAF800A0C422;
			remoteInfo = ProtocolBuffers;
		};
		AD393D701F9E51F100F7E15A /* PBXContainerItemProxy */ = {
			isa = PBXContainerItemProxy;
			containerPortal = AD393D661F9E51F100F7E15A /* ProtocolBuffers_iOS.xcodeproj */;
			proxyType = 2;
			remoteGlobalIDString = 8BBEA4A6147C727100C4ADB7;
			remoteInfo = UnitTests;
		};
		AD393D721F9E51F100F7E15A /* PBXContainerItemProxy */ = {
			isa = PBXContainerItemProxy;
			containerPortal = AD393D661F9E51F100F7E15A /* ProtocolBuffers_iOS.xcodeproj */;
			proxyType = 2;
			remoteGlobalIDString = 8B9A5EA51831993600A9D33B;
			remoteInfo = iOSTestHarness;
		};
		AD393D741F9E51F100F7E15A /* PBXContainerItemProxy */ = {
			isa = PBXContainerItemProxy;
			containerPortal = AD393D661F9E51F100F7E15A /* ProtocolBuffers_iOS.xcodeproj */;
			proxyType = 2;
			remoteGlobalIDString = F4487C6E1A9F8F8100531423;
			remoteInfo = TestSingleSourceBuild;
		};
		AD9674C81E6F0AFC001D536D /* PBXContainerItemProxy */ = {
			isa = PBXContainerItemProxy;
			containerPortal = B914941D1DB8AFBB007D941B /* Project object */;
			proxyType = 1;
			remoteGlobalIDString = AD178C791E6EEA8400F8B187;
			remoteInfo = "VelocitySDK iOS";
		};
/* End PBXContainerItemProxy section */

/* Begin PBXCopyFilesBuildPhase section */
		AD72F8ED1E5E51E1000EDAB1 /* Copy Frameworks */ = {
			isa = PBXCopyFilesBuildPhase;
			buildActionMask = 2147483647;
			dstPath = "";
			dstSubfolderSpec = 10;
			files = (
				AD393D7B1F9E9FDC00F7E15A /* SocketRocket.framework in Copy Frameworks */,
				AD9674DF1E6F0E9D001D536D /* AFNetworking.framework in Copy Frameworks */,
				AD72F8F71E5E534A000EDAB1 /* OCMock.framework in Copy Frameworks */,
			);
			name = "Copy Frameworks";
			runOnlyForDeploymentPostprocessing = 0;
		};
/* End PBXCopyFilesBuildPhase section */

/* Begin PBXFileReference section */
		AD0EFAB51F9DD74F007D7BE0 /* FifoListQueue.h */ = {isa = PBXFileReference; lastKnownFileType = sourcecode.c.h; path = FifoListQueue.h; sourceTree = "<group>"; };
		AD0EFAB61F9DD74F007D7BE0 /* FifoListQueue.m */ = {isa = PBXFileReference; lastKnownFileType = sourcecode.c.objc; path = FifoListQueue.m; sourceTree = "<group>"; };
		AD0EFAB91F9DD775007D7BE0 /* ListQueue.h */ = {isa = PBXFileReference; lastKnownFileType = sourcecode.c.h; path = ListQueue.h; sourceTree = "<group>"; };
		AD1254811F4563CB00EBC849 /* VLTMotionDetectResult.h */ = {isa = PBXFileReference; fileEncoding = 4; lastKnownFileType = sourcecode.c.h; path = VLTMotionDetectResult.h; sourceTree = "<group>"; };
		AD1254821F4563CB00EBC849 /* VLTMotionDetectResult.m */ = {isa = PBXFileReference; fileEncoding = 4; lastKnownFileType = sourcecode.c.objc; path = VLTMotionDetectResult.m; sourceTree = "<group>"; };
		AD1380A71F45AD25005400AA /* VLTClientTests.m */ = {isa = PBXFileReference; fileEncoding = 4; lastKnownFileType = sourcecode.c.objc; path = VLTClientTests.m; sourceTree = "<group>"; };
		AD178C7A1E6EEA8400F8B187 /* VelocitySDK.framework */ = {isa = PBXFileReference; explicitFileType = wrapper.framework; includeInIndex = 0; path = VelocitySDK.framework; sourceTree = BUILT_PRODUCTS_DIR; };
		AD178C831E6EEC2000F8B187 /* Info.plist */ = {isa = PBXFileReference; lastKnownFileType = text.plist.xml; path = Info.plist; sourceTree = "<group>"; };
		AD178C841E6EEC2000F8B187 /* module.modulemap */ = {isa = PBXFileReference; lastKnownFileType = "sourcecode.module-map"; path = module.modulemap; sourceTree = "<group>"; };
		AD178C851E6EEC2000F8B187 /* VelocitySDK.h */ = {isa = PBXFileReference; lastKnownFileType = sourcecode.c.h; path = VelocitySDK.h; sourceTree = "<group>"; };
		AD178C9B1E6EEF5B00F8B187 /* VLTActivityItem.h */ = {isa = PBXFileReference; fileEncoding = 4; lastKnownFileType = sourcecode.c.h; path = VLTActivityItem.h; sourceTree = "<group>"; };
		AD178C9C1E6EEF5B00F8B187 /* VLTActivityItem.m */ = {isa = PBXFileReference; fileEncoding = 4; lastKnownFileType = sourcecode.c.objc; path = VLTActivityItem.m; sourceTree = "<group>"; };
		AD178C9D1E6EEF5B00F8B187 /* VLTApiClient.h */ = {isa = PBXFileReference; fileEncoding = 4; lastKnownFileType = sourcecode.c.h; path = VLTApiClient.h; sourceTree = "<group>"; };
		AD178C9E1E6EEF5B00F8B187 /* VLTApiClient.m */ = {isa = PBXFileReference; fileEncoding = 4; lastKnownFileType = sourcecode.c.objc; path = VLTApiClient.m; sourceTree = "<group>"; };
		AD178C9F1E6EEF5B00F8B187 /* VLTConfig.h */ = {isa = PBXFileReference; fileEncoding = 4; lastKnownFileType = sourcecode.c.h; path = VLTConfig.h; sourceTree = "<group>"; };
		AD178CA01E6EEF5B00F8B187 /* VLTConfig.m */ = {isa = PBXFileReference; fileEncoding = 4; lastKnownFileType = sourcecode.c.objc; path = VLTConfig.m; sourceTree = "<group>"; };
		AD178CA11E6EEF5B00F8B187 /* VLTConstants.h */ = {isa = PBXFileReference; fileEncoding = 4; lastKnownFileType = sourcecode.c.h; path = VLTConstants.h; sourceTree = "<group>"; };
		AD178CA21E6EEF5B00F8B187 /* VLTConstants.m */ = {isa = PBXFileReference; fileEncoding = 4; lastKnownFileType = sourcecode.c.objc; path = VLTConstants.m; sourceTree = "<group>"; };
		AD178CA31E6EEF5B00F8B187 /* VLTCore.h */ = {isa = PBXFileReference; fileEncoding = 4; lastKnownFileType = sourcecode.c.h; path = VLTCore.h; sourceTree = "<group>"; };
		AD178CA41E6EEF5B00F8B187 /* VLTCore.m */ = {isa = PBXFileReference; fileEncoding = 4; lastKnownFileType = sourcecode.c.objc; path = VLTCore.m; sourceTree = "<group>"; };
		AD178CA51E6EEF5B00F8B187 /* VLTMotion.h */ = {isa = PBXFileReference; fileEncoding = 4; lastKnownFileType = sourcecode.c.h; path = VLTMotion.h; sourceTree = "<group>"; };
		AD178CA61E6EEF5B00F8B187 /* VLTMotion.m */ = {isa = PBXFileReference; fileEncoding = 4; lastKnownFileType = sourcecode.c.objc; path = VLTMotion.m; sourceTree = "<group>"; };
		AD178CA71E6EEF5B00F8B187 /* VLTNotification.h */ = {isa = PBXFileReference; fileEncoding = 4; lastKnownFileType = sourcecode.c.h; path = VLTNotification.h; sourceTree = "<group>"; };
		AD178CA81E6EEF5B00F8B187 /* VLTNotification.m */ = {isa = PBXFileReference; fileEncoding = 4; lastKnownFileType = sourcecode.c.objc; path = VLTNotification.m; sourceTree = "<group>"; };
		AD178CAB1E6EEF5B00F8B187 /* VLTRecordingConfig.h */ = {isa = PBXFileReference; fileEncoding = 4; lastKnownFileType = sourcecode.c.h; path = VLTRecordingConfig.h; sourceTree = "<group>"; };
		AD178CAC1E6EEF5B00F8B187 /* VLTRecordingConfig.m */ = {isa = PBXFileReference; fileEncoding = 4; lastKnownFileType = sourcecode.c.objc; path = VLTRecordingConfig.m; sourceTree = "<group>"; };
		AD178CB31E6EEF5B00F8B187 /* VLTAccSensorRecorder.h */ = {isa = PBXFileReference; fileEncoding = 4; lastKnownFileType = sourcecode.c.h; path = VLTAccSensorRecorder.h; sourceTree = "<group>"; };
		AD178CB41E6EEF5B00F8B187 /* VLTAccSensorRecorder.m */ = {isa = PBXFileReference; fileEncoding = 4; lastKnownFileType = sourcecode.c.objc; path = VLTAccSensorRecorder.m; sourceTree = "<group>"; };
		AD178CB51E6EEF5B00F8B187 /* VLTGyroSensorRecorder.h */ = {isa = PBXFileReference; fileEncoding = 4; lastKnownFileType = sourcecode.c.h; path = VLTGyroSensorRecorder.h; sourceTree = "<group>"; };
		AD178CB61E6EEF5B00F8B187 /* VLTGyroSensorRecorder.m */ = {isa = PBXFileReference; fileEncoding = 4; lastKnownFileType = sourcecode.c.objc; path = VLTGyroSensorRecorder.m; sourceTree = "<group>"; };
		AD178CB71E6EEF5B00F8B187 /* VLTMotionRecorder.h */ = {isa = PBXFileReference; fileEncoding = 4; lastKnownFileType = sourcecode.c.h; path = VLTMotionRecorder.h; sourceTree = "<group>"; };
		AD178CB81E6EEF5B00F8B187 /* VLTMultiMotionRecorder.h */ = {isa = PBXFileReference; fileEncoding = 4; lastKnownFileType = sourcecode.c.h; path = VLTMultiMotionRecorder.h; sourceTree = "<group>"; };
		AD178CB91E6EEF5B00F8B187 /* VLTMultiMotionRecorder.m */ = {isa = PBXFileReference; fileEncoding = 4; lastKnownFileType = sourcecode.c.objc; path = VLTMultiMotionRecorder.m; sourceTree = "<group>"; };
		AD178CBA1E6EEF5B00F8B187 /* VLTSensorRecorder.h */ = {isa = PBXFileReference; fileEncoding = 4; lastKnownFileType = sourcecode.c.h; path = VLTSensorRecorder.h; sourceTree = "<group>"; };
		AD178CBB1E6EEF5B00F8B187 /* VLTSensorRecorder.m */ = {isa = PBXFileReference; fileEncoding = 4; lastKnownFileType = sourcecode.c.objc; path = VLTSensorRecorder.m; sourceTree = "<group>"; };
		AD178CBC1E6EEF5B00F8B187 /* VLTSensorTypes.h */ = {isa = PBXFileReference; fileEncoding = 4; lastKnownFileType = sourcecode.c.h; path = VLTSensorTypes.h; sourceTree = "<group>"; };
		AD178CBE1E6EEF5B00F8B187 /* VLTData.h */ = {isa = PBXFileReference; fileEncoding = 4; lastKnownFileType = sourcecode.c.h; path = VLTData.h; sourceTree = "<group>"; };
		AD178CBF1E6EEF5B00F8B187 /* VLTData.m */ = {isa = PBXFileReference; fileEncoding = 4; lastKnownFileType = sourcecode.c.objc; path = VLTData.m; sourceTree = "<group>"; };
		AD178CC01E6EEF5B00F8B187 /* VLTSample.h */ = {isa = PBXFileReference; fileEncoding = 4; lastKnownFileType = sourcecode.c.h; path = VLTSample.h; sourceTree = "<group>"; };
		AD178CC11E6EEF5B00F8B187 /* VLTSampleBuilder.h */ = {isa = PBXFileReference; fileEncoding = 4; lastKnownFileType = sourcecode.c.h; path = VLTSampleBuilder.h; sourceTree = "<group>"; };
		AD178CC21E6EEF5B00F8B187 /* VLTSampleBuilder.m */ = {isa = PBXFileReference; fileEncoding = 4; lastKnownFileType = sourcecode.c.objc; path = VLTSampleBuilder.m; sourceTree = "<group>"; };
		AD178CC31E6EEF5B00F8B187 /* VLTSimpleSample.h */ = {isa = PBXFileReference; fileEncoding = 4; lastKnownFileType = sourcecode.c.h; path = VLTSimpleSample.h; sourceTree = "<group>"; };
		AD178CC41E6EEF5B00F8B187 /* VLTSimpleSample.m */ = {isa = PBXFileReference; fileEncoding = 4; lastKnownFileType = sourcecode.c.objc; path = VLTSimpleSample.m; sourceTree = "<group>"; };
		AD178CC51E6EEF5B00F8B187 /* VLTSensorBuilder.h */ = {isa = PBXFileReference; fileEncoding = 4; lastKnownFileType = sourcecode.c.h; path = VLTSensorBuilder.h; sourceTree = "<group>"; };
		AD178CC61E6EEF5B00F8B187 /* VLTSensorBuilder.m */ = {isa = PBXFileReference; fileEncoding = 4; lastKnownFileType = sourcecode.c.objc; path = VLTSensorBuilder.m; sourceTree = "<group>"; };
		AD178CCA1E6EEF5B00F8B187 /* VLTDate.h */ = {isa = PBXFileReference; fileEncoding = 4; lastKnownFileType = sourcecode.c.h; path = VLTDate.h; sourceTree = "<group>"; };
		AD178CCB1E6EEF5B00F8B187 /* VLTDate.m */ = {isa = PBXFileReference; fileEncoding = 4; lastKnownFileType = sourcecode.c.objc; path = VLTDate.m; sourceTree = "<group>"; };
		AD178CCC1E6EEF5B00F8B187 /* VLTMacros.h */ = {isa = PBXFileReference; fileEncoding = 4; lastKnownFileType = sourcecode.c.h; path = VLTMacros.h; sourceTree = "<group>"; };
		AD178CCD1E6EEF5B00F8B187 /* VLTProtobufHelper.h */ = {isa = PBXFileReference; fileEncoding = 4; lastKnownFileType = sourcecode.c.h; path = VLTProtobufHelper.h; sourceTree = "<group>"; };
		AD178CCE1E6EEF5B00F8B187 /* VLTProtobufHelper.m */ = {isa = PBXFileReference; fileEncoding = 4; lastKnownFileType = sourcecode.c.objc; path = VLTProtobufHelper.m; sourceTree = "<group>"; };
		AD178CCF1E6EEF5B00F8B187 /* VLTErrors.h */ = {isa = PBXFileReference; fileEncoding = 4; lastKnownFileType = sourcecode.c.h; path = VLTErrors.h; sourceTree = "<group>"; };
		AD178CD01E6EEF5B00F8B187 /* VLTManager.h */ = {isa = PBXFileReference; fileEncoding = 4; lastKnownFileType = sourcecode.c.h; path = VLTManager.h; sourceTree = "<group>"; };
		AD178CD11E6EEF5B00F8B187 /* VLTManager.m */ = {isa = PBXFileReference; fileEncoding = 4; lastKnownFileType = sourcecode.c.objc; path = VLTManager.m; sourceTree = "<group>"; };
		AD178D2F1E6EF4A400F8B187 /* AFNetworking.framework */ = {isa = PBXFileReference; lastKnownFileType = wrapper.framework; name = AFNetworking.framework; path = Carthage/Build/iOS/AFNetworking.framework; sourceTree = "<group>"; };
		AD24C3341F3C882600F3DB78 /* VLTGPSTests.m */ = {isa = PBXFileReference; fileEncoding = 4; lastKnownFileType = sourcecode.c.objc; path = VLTGPSTests.m; sourceTree = "<group>"; };
		AD24C3381F3C8C5C00F3DB78 /* VLTGPSSensorRecorderTests.m */ = {isa = PBXFileReference; fileEncoding = 4; lastKnownFileType = sourcecode.c.objc; path = VLTGPSSensorRecorderTests.m; sourceTree = "<group>"; };
		AD30C1C71F9A21D90056347E /* SocketRocket.framework */ = {isa = PBXFileReference; lastKnownFileType = wrapper.framework; name = SocketRocket.framework; path = Carthage/Build/iOS/SocketRocket.framework; sourceTree = "<group>"; };
		AD30C1C91F9A23330056347E /* VLTWsApiClient.h */ = {isa = PBXFileReference; lastKnownFileType = sourcecode.c.h; path = VLTWsApiClient.h; sourceTree = "<group>"; };
		AD30C1CA1F9A23330056347E /* VLTWsApiClient.m */ = {isa = PBXFileReference; lastKnownFileType = sourcecode.c.objc; path = VLTWsApiClient.m; sourceTree = "<group>"; };
		AD30C1D21F9A43E10056347E /* VLTWsApiClientRequest.h */ = {isa = PBXFileReference; lastKnownFileType = sourcecode.c.h; path = VLTWsApiClientRequest.h; sourceTree = "<group>"; };
		AD30C1D31F9A43E10056347E /* VLTWsApiClientRequest.m */ = {isa = PBXFileReference; lastKnownFileType = sourcecode.c.objc; path = VLTWsApiClientRequest.m; sourceTree = "<group>"; };
		AD393D661F9E51F100F7E15A /* ProtocolBuffers_iOS.xcodeproj */ = {isa = PBXFileReference; lastKnownFileType = "wrapper.pb-project"; name = ProtocolBuffers_iOS.xcodeproj; path = protobuf/objectivec/ProtocolBuffers_iOS.xcodeproj; sourceTree = "<group>"; };
		AD393D771F9E98A100F7E15A /* Velocity.pbobjc.m */ = {isa = PBXFileReference; fileEncoding = 4; lastKnownFileType = sourcecode.c.objc; path = Velocity.pbobjc.m; sourceTree = "<group>"; };
		AD393D781F9E98A100F7E15A /* Velocity.pbobjc.h */ = {isa = PBXFileReference; fileEncoding = 4; lastKnownFileType = sourcecode.c.h; path = Velocity.pbobjc.h; sourceTree = "<group>"; };
		AD393D7E1F9F54FA00F7E15A /* VLTWsApiClientTests.m */ = {isa = PBXFileReference; lastKnownFileType = sourcecode.c.objc; path = VLTWsApiClientTests.m; sourceTree = "<group>"; };
		AD393D801FA06E2400F7E15A /* VLTWsApiOperation.h */ = {isa = PBXFileReference; lastKnownFileType = sourcecode.c.h; path = VLTWsApiOperation.h; sourceTree = "<group>"; };
		AD393D811FA06E2400F7E15A /* VLTWsApiOperation.m */ = {isa = PBXFileReference; lastKnownFileType = sourcecode.c.objc; path = VLTWsApiOperation.m; sourceTree = "<group>"; };
		AD393D8B1FA0743E00F7E15A /* VLTCaptureUpload.h */ = {isa = PBXFileReference; lastKnownFileType = sourcecode.c.h; path = VLTCaptureUpload.h; sourceTree = "<group>"; };
		AD393D8E1FA07E2B00F7E15A /* VLTMotionDetect.h */ = {isa = PBXFileReference; lastKnownFileType = sourcecode.c.h; path = VLTMotionDetect.h; sourceTree = "<group>"; };
		AD3D91271F3B461000208BA1 /* VLTSimulatorSensorRecorder.h */ = {isa = PBXFileReference; fileEncoding = 4; lastKnownFileType = sourcecode.c.h; path = VLTSimulatorSensorRecorder.h; sourceTree = "<group>"; };
		AD3D91281F3B461000208BA1 /* VLTSimulatorSensorRecorder.m */ = {isa = PBXFileReference; fileEncoding = 4; lastKnownFileType = sourcecode.c.objc; path = VLTSimulatorSensorRecorder.m; sourceTree = "<group>"; };
		AD3D912B1F3C7CC700208BA1 /* VLTGPSSensorRecorder.h */ = {isa = PBXFileReference; fileEncoding = 4; lastKnownFileType = sourcecode.c.h; path = VLTGPSSensorRecorder.h; sourceTree = "<group>"; };
		AD3D912C1F3C7CC700208BA1 /* VLTGPSSensorRecorder.m */ = {isa = PBXFileReference; fileEncoding = 4; lastKnownFileType = sourcecode.c.objc; path = VLTGPSSensorRecorder.m; sourceTree = "<group>"; };
		AD5D39C91F45C0B50042A4A2 /* VLTOperation.h */ = {isa = PBXFileReference; fileEncoding = 4; lastKnownFileType = sourcecode.c.h; path = VLTOperation.h; sourceTree = "<group>"; };
		AD5D39CA1F45C0B50042A4A2 /* VLTOperation.m */ = {isa = PBXFileReference; fileEncoding = 4; lastKnownFileType = sourcecode.c.objc; path = VLTOperation.m; sourceTree = "<group>"; };
		AD5D39F61F4AC2510042A4A2 /* VLTMotionDataOperation.h */ = {isa = PBXFileReference; fileEncoding = 4; lastKnownFileType = sourcecode.c.h; path = VLTMotionDataOperation.h; sourceTree = "<group>"; };
		AD5D39F71F4AC2510042A4A2 /* VLTMotionDataOperation.m */ = {isa = PBXFileReference; fileEncoding = 4; lastKnownFileType = sourcecode.c.objc; path = VLTMotionDataOperation.m; sourceTree = "<group>"; };
		AD5D39FA1F4AC4800042A4A2 /* VLTLabeledDataUploadOperation.h */ = {isa = PBXFileReference; fileEncoding = 4; lastKnownFileType = sourcecode.c.h; path = VLTLabeledDataUploadOperation.h; sourceTree = "<group>"; };
		AD5D39FB1F4AC4800042A4A2 /* VLTLabeledDataUploadOperation.m */ = {isa = PBXFileReference; fileEncoding = 4; lastKnownFileType = sourcecode.c.objc; path = VLTLabeledDataUploadOperation.m; sourceTree = "<group>"; };
		AD5D39FE1F4ACA8E0042A4A2 /* VLTLabeledDataUploadOperationTests.m */ = {isa = PBXFileReference; fileEncoding = 4; lastKnownFileType = sourcecode.c.objc; path = VLTLabeledDataUploadOperationTests.m; sourceTree = "<group>"; };
		AD5D3A001F4AE8B80042A4A2 /* VLTHTTPCaptureUploadOperation.h */ = {isa = PBXFileReference; fileEncoding = 4; lastKnownFileType = sourcecode.c.h; path = VLTHTTPCaptureUploadOperation.h; sourceTree = "<group>"; };
		AD5D3A011F4AE8B80042A4A2 /* VLTHTTPCaptureUploadOperation.m */ = {isa = PBXFileReference; fileEncoding = 4; lastKnownFileType = sourcecode.c.objc; path = VLTHTTPCaptureUploadOperation.m; sourceTree = "<group>"; };
		AD5D3A041F4AEDEB0042A4A2 /* VLTDrivingDetectOperation.h */ = {isa = PBXFileReference; fileEncoding = 4; lastKnownFileType = sourcecode.c.h; path = VLTDrivingDetectOperation.h; sourceTree = "<group>"; };
		AD5D3A051F4AEDEB0042A4A2 /* VLTDrivingDetectOperation.m */ = {isa = PBXFileReference; fileEncoding = 4; lastKnownFileType = sourcecode.c.objc; path = VLTDrivingDetectOperation.m; sourceTree = "<group>"; };
		AD5D3A061F4AEDEB0042A4A2 /* VLTHTTPMotionDetectOperation.h */ = {isa = PBXFileReference; fileEncoding = 4; lastKnownFileType = sourcecode.c.h; path = VLTHTTPMotionDetectOperation.h; sourceTree = "<group>"; };
		AD5D3A071F4AEDEB0042A4A2 /* VLTHTTPMotionDetectOperation.m */ = {isa = PBXFileReference; fileEncoding = 4; lastKnownFileType = sourcecode.c.objc; path = VLTHTTPMotionDetectOperation.m; sourceTree = "<group>"; };
		AD5D3A0C1F4AF1630042A4A2 /* VLTDrivingDetectOperationTests.m */ = {isa = PBXFileReference; fileEncoding = 4; lastKnownFileType = sourcecode.c.objc; path = VLTDrivingDetectOperationTests.m; sourceTree = "<group>"; };
		AD5D3A0E1F4AF1B40042A4A2 /* VLTHTTPCaptureUploadOperationTests.m */ = {isa = PBXFileReference; fileEncoding = 4; lastKnownFileType = sourcecode.c.objc; path = VLTHTTPCaptureUploadOperationTests.m; sourceTree = "<group>"; };
		AD6C93991F45722A00702051 /* VLTClient.h */ = {isa = PBXFileReference; fileEncoding = 4; lastKnownFileType = sourcecode.c.h; path = VLTClient.h; sourceTree = "<group>"; };
		AD6C939A1F45722A00702051 /* VLTClient.m */ = {isa = PBXFileReference; fileEncoding = 4; lastKnownFileType = sourcecode.c.objc; path = VLTClient.m; sourceTree = "<group>"; };
		AD6D1DF21DD3542600081C60 /* libsqlite3.tbd */ = {isa = PBXFileReference; lastKnownFileType = "sourcecode.text-based-dylib-definition"; name = libsqlite3.tbd; path = usr/lib/libsqlite3.tbd; sourceTree = SDKROOT; };
		AD72F8F61E5E534A000EDAB1 /* OCMock.framework */ = {isa = PBXFileReference; lastKnownFileType = wrapper.framework; name = OCMock.framework; path = Carthage/Build/iOS/OCMock.framework; sourceTree = "<group>"; };
		AD72F8F81E5E535D000EDAB1 /* Quick.framework */ = {isa = PBXFileReference; lastKnownFileType = wrapper.framework; name = Quick.framework; path = Carthage/Build/iOS/Quick.framework; sourceTree = "<group>"; };
		AD72F9121E5EFDC2000EDAB1 /* VLTManagerTests.m */ = {isa = PBXFileReference; fileEncoding = 4; lastKnownFileType = sourcecode.c.objc; path = VLTManagerTests.m; sourceTree = "<group>"; };
		AD85FE901F4C47B800656A6D /* VLTGPS.h */ = {isa = PBXFileReference; fileEncoding = 4; lastKnownFileType = sourcecode.c.h; path = VLTGPS.h; sourceTree = "<group>"; };
		AD85FE911F4C47B800656A6D /* VLTGPS.m */ = {isa = PBXFileReference; fileEncoding = 4; lastKnownFileType = sourcecode.c.objc; path = VLTGPS.m; sourceTree = "<group>"; };
		AD9918FD1F4B06CE0002DE4E /* VLTParkedDetectOperation.h */ = {isa = PBXFileReference; fileEncoding = 4; lastKnownFileType = sourcecode.c.h; path = VLTParkedDetectOperation.h; sourceTree = "<group>"; };
		AD9918FE1F4B06CE0002DE4E /* VLTParkedDetectOperation.m */ = {isa = PBXFileReference; fileEncoding = 4; lastKnownFileType = sourcecode.c.objc; path = VLTParkedDetectOperation.m; sourceTree = "<group>"; };
		AD9919011F4B0C8F0002DE4E /* VLTParkedDetectionOperationTests.m */ = {isa = PBXFileReference; fileEncoding = 4; lastKnownFileType = sourcecode.c.objc; path = VLTParkedDetectionOperationTests.m; sourceTree = "<group>"; };
		AD9D698A1FA0A3C70060AA25 /* VLTWsMotionDetectOperation.h */ = {isa = PBXFileReference; lastKnownFileType = sourcecode.c.h; path = VLTWsMotionDetectOperation.h; sourceTree = "<group>"; };
		AD9D698B1FA0A3C70060AA25 /* VLTWsMotionDetectOperation.m */ = {isa = PBXFileReference; lastKnownFileType = sourcecode.c.objc; path = VLTWsMotionDetectOperation.m; sourceTree = "<group>"; };
		AD9D69931FA0B0010060AA25 /* VLTWsCaptureUploadOperation.h */ = {isa = PBXFileReference; lastKnownFileType = sourcecode.c.h; path = VLTWsCaptureUploadOperation.h; sourceTree = "<group>"; };
		AD9D69941FA0B0010060AA25 /* VLTWsCaptureUploadOperation.m */ = {isa = PBXFileReference; lastKnownFileType = sourcecode.c.objc; path = VLTWsCaptureUploadOperation.m; sourceTree = "<group>"; };
		AD9D699A1FA0B3E70060AA25 /* VLTWsParkedDetectOperation.h */ = {isa = PBXFileReference; lastKnownFileType = sourcecode.c.h; path = VLTWsParkedDetectOperation.h; sourceTree = "<group>"; };
		AD9D699B1FA0B3E70060AA25 /* VLTWsParkedDetectOperation.m */ = {isa = PBXFileReference; lastKnownFileType = sourcecode.c.objc; path = VLTWsParkedDetectOperation.m; sourceTree = "<group>"; };
		AD9D699E1FA0B3FA0060AA25 /* VLTParkedDetect.h */ = {isa = PBXFileReference; lastKnownFileType = sourcecode.c.h; path = VLTParkedDetect.h; sourceTree = "<group>"; };
		ADA658FE1F4D65E000611F75 /* VLTCoreMotionActivityTracker.h */ = {isa = PBXFileReference; fileEncoding = 4; lastKnownFileType = sourcecode.c.h; path = VLTCoreMotionActivityTracker.h; sourceTree = "<group>"; };
		ADA658FF1F4D65E000611F75 /* VLTCoreMotionActivityTracker.m */ = {isa = PBXFileReference; fileEncoding = 4; lastKnownFileType = sourcecode.c.objc; path = VLTCoreMotionActivityTracker.m; sourceTree = "<group>"; };
		ADAB68661DDBCB58001D49DA /* CoreData.framework */ = {isa = PBXFileReference; lastKnownFileType = wrapper.framework; name = CoreData.framework; path = System/Library/Frameworks/CoreData.framework; sourceTree = SDKROOT; };
		ADB3F1F81F349CBC001A191D /* VLTUserDataStore.h */ = {isa = PBXFileReference; fileEncoding = 4; lastKnownFileType = sourcecode.c.h; path = VLTUserDataStore.h; sourceTree = "<group>"; };
		ADB3F1F91F349CBC001A191D /* VLTUserDataStore.m */ = {isa = PBXFileReference; fileEncoding = 4; lastKnownFileType = sourcecode.c.objc; path = VLTUserDataStore.m; sourceTree = "<group>"; };
		ADE1556F1DB8FBB600DC906A /* CoreMotion.framework */ = {isa = PBXFileReference; lastKnownFileType = wrapper.framework; name = CoreMotion.framework; path = System/Library/Frameworks/CoreMotion.framework; sourceTree = SDKROOT; };
		ADF383C61FA1BFDE0099D867 /* VLTWsParkedDetectOperationTests.m */ = {isa = PBXFileReference; lastKnownFileType = sourcecode.c.objc; path = VLTWsParkedDetectOperationTests.m; sourceTree = "<group>"; };
		ADF383C81FA2004F0099D867 /* VLTWsMotionDetectOperationTests.m */ = {isa = PBXFileReference; lastKnownFileType = sourcecode.c.objc; path = VLTWsMotionDetectOperationTests.m; sourceTree = "<group>"; };
		ADF383CA1FA20CF80099D867 /* VLTWsCaptureUploadOperationTests.m */ = {isa = PBXFileReference; lastKnownFileType = sourcecode.c.objc; path = VLTWsCaptureUploadOperationTests.m; sourceTree = "<group>"; };
		ADF433A31E5E3A15002D9097 /* Tests.xctest */ = {isa = PBXFileReference; explicitFileType = wrapper.cfbundle; includeInIndex = 0; path = Tests.xctest; sourceTree = BUILT_PRODUCTS_DIR; };
		ADF433A71E5E3A15002D9097 /* Info.plist */ = {isa = PBXFileReference; lastKnownFileType = text.plist.xml; path = Info.plist; sourceTree = "<group>"; };
		ADF433B41E5E4555002D9097 /* VLTApiClientTests.m */ = {isa = PBXFileReference; fileEncoding = 4; lastKnownFileType = sourcecode.c.objc; path = VLTApiClientTests.m; sourceTree = "<group>"; };
		B921628E1F8F840B009E18D0 /* VLTDataThrottler.h */ = {isa = PBXFileReference; fileEncoding = 4; lastKnownFileType = sourcecode.c.h; path = VLTDataThrottler.h; sourceTree = "<group>"; };
		B921628F1F8F840B009E18D0 /* VLTDataThrottler.m */ = {isa = PBXFileReference; fileEncoding = 4; lastKnownFileType = sourcecode.c.objc; path = VLTDataThrottler.m; sourceTree = "<group>"; };
		B9746AF71F90D7520079F409 /* VLTDataThrottlerTests.m */ = {isa = PBXFileReference; fileEncoding = 4; lastKnownFileType = sourcecode.c.objc; path = VLTDataThrottlerTests.m; sourceTree = "<group>"; };
		B9D427601FED0AB2000D9818 /* VLTSensorRecorderTests.m */ = {isa = PBXFileReference; lastKnownFileType = sourcecode.c.objc; path = VLTSensorRecorderTests.m; sourceTree = "<group>"; };
/* End PBXFileReference section */

/* Begin PBXFrameworksBuildPhase section */
		AD178C761E6EEA8400F8B187 /* Frameworks */ = {
			isa = PBXFrameworksBuildPhase;
			buildActionMask = 2147483647;
			files = (
				AD393D761F9E520400F7E15A /* libProtocolBuffers.a in Frameworks */,
				AD30C1C81F9A21DA0056347E /* SocketRocket.framework in Frameworks */,
				AD178D301E6EF4A400F8B187 /* AFNetworking.framework in Frameworks */,
			);
			runOnlyForDeploymentPostprocessing = 0;
		};
		ADF433A01E5E3A15002D9097 /* Frameworks */ = {
			isa = PBXFrameworksBuildPhase;
			buildActionMask = 2147483647;
			files = (
				AD9674DA1E6F0C8A001D536D /* VelocitySDK.framework in Frameworks */,
			);
			runOnlyForDeploymentPostprocessing = 0;
		};
/* End PBXFrameworksBuildPhase section */

/* Begin PBXGroup section */
		7E690D0360E63F8784D89F39 /* Frameworks */ = {
			isa = PBXGroup;
			children = (
				AD30C1C71F9A21D90056347E /* SocketRocket.framework */,
				AD178D2F1E6EF4A400F8B187 /* AFNetworking.framework */,
				AD72F8F81E5E535D000EDAB1 /* Quick.framework */,
				AD72F8F61E5E534A000EDAB1 /* OCMock.framework */,
				ADAB68661DDBCB58001D49DA /* CoreData.framework */,
				AD6D1DF21DD3542600081C60 /* libsqlite3.tbd */,
				ADE1556F1DB8FBB600DC906A /* CoreMotion.framework */,
			);
			name = Frameworks;
			sourceTree = "<group>";
		};
		AD0EFAB41F9DD697007D7BE0 /* ListQueues */ = {
			isa = PBXGroup;
			children = (
				AD0EFAB51F9DD74F007D7BE0 /* FifoListQueue.h */,
				AD0EFAB61F9DD74F007D7BE0 /* FifoListQueue.m */,
				AD0EFAB91F9DD775007D7BE0 /* ListQueue.h */,
			);
			path = ListQueues;
			sourceTree = "<group>";
		};
		AD178C821E6EEC2000F8B187 /* Framework */ = {
			isa = PBXGroup;
			children = (
				AD178C831E6EEC2000F8B187 /* Info.plist */,
				AD178C841E6EEC2000F8B187 /* module.modulemap */,
				AD178C851E6EEC2000F8B187 /* VelocitySDK.h */,
			);
			path = Framework;
			sourceTree = "<group>";
		};
		AD178C861E6EEF5B00F8B187 /* VelocitySDK */ = {
			isa = PBXGroup;
			children = (
				AD0EFAB41F9DD697007D7BE0 /* ListQueues */,
				AD5D39C31F45C0B50042A4A2 /* Operations */,
				AD178C871E6EEF5B00F8B187 /* Core */,
				AD178CAF1E6EEF5B00F8B187 /* Sensors */,
				AD178CC71E6EEF5B00F8B187 /* Support */,
				AD178CCF1E6EEF5B00F8B187 /* VLTErrors.h */,
				AD178CD01E6EEF5B00F8B187 /* VLTManager.h */,
				AD178CD11E6EEF5B00F8B187 /* VLTManager.m */,
				AD6C93991F45722A00702051 /* VLTClient.h */,
				AD6C939A1F45722A00702051 /* VLTClient.m */,
				AD85FE901F4C47B800656A6D /* VLTGPS.h */,
				AD85FE911F4C47B800656A6D /* VLTGPS.m */,
				ADA658FE1F4D65E000611F75 /* VLTCoreMotionActivityTracker.h */,
				ADA658FF1F4D65E000611F75 /* VLTCoreMotionActivityTracker.m */,
			);
			path = VelocitySDK;
			sourceTree = "<group>";
		};
		AD178C871E6EEF5B00F8B187 /* Core */ = {
			isa = PBXGroup;
			children = (
				AD30C1CD1F9A35C50056347E /* WebSockets */,
				AD178C9B1E6EEF5B00F8B187 /* VLTActivityItem.h */,
				AD178C9C1E6EEF5B00F8B187 /* VLTActivityItem.m */,
				AD178C9D1E6EEF5B00F8B187 /* VLTApiClient.h */,
				AD178C9E1E6EEF5B00F8B187 /* VLTApiClient.m */,
				AD178C9F1E6EEF5B00F8B187 /* VLTConfig.h */,
				AD178CA01E6EEF5B00F8B187 /* VLTConfig.m */,
				AD178CA11E6EEF5B00F8B187 /* VLTConstants.h */,
				AD178CA21E6EEF5B00F8B187 /* VLTConstants.m */,
				AD178CA31E6EEF5B00F8B187 /* VLTCore.h */,
				AD178CA41E6EEF5B00F8B187 /* VLTCore.m */,
				AD178CA51E6EEF5B00F8B187 /* VLTMotion.h */,
				AD178CA61E6EEF5B00F8B187 /* VLTMotion.m */,
				AD178CA71E6EEF5B00F8B187 /* VLTNotification.h */,
				AD178CA81E6EEF5B00F8B187 /* VLTNotification.m */,
				AD178CAB1E6EEF5B00F8B187 /* VLTRecordingConfig.h */,
				AD178CAC1E6EEF5B00F8B187 /* VLTRecordingConfig.m */,
				ADB3F1F81F349CBC001A191D /* VLTUserDataStore.h */,
				ADB3F1F91F349CBC001A191D /* VLTUserDataStore.m */,
				AD1254811F4563CB00EBC849 /* VLTMotionDetectResult.h */,
				AD1254821F4563CB00EBC849 /* VLTMotionDetectResult.m */,
				B921628E1F8F840B009E18D0 /* VLTDataThrottler.h */,
				B921628F1F8F840B009E18D0 /* VLTDataThrottler.m */,
			);
			path = Core;
			sourceTree = "<group>";
		};
		AD178CAF1E6EEF5B00F8B187 /* Sensors */ = {
			isa = PBXGroup;
			children = (
				AD178CB01E6EEF5B00F8B187 /* Recorders */,
				AD178CBD1E6EEF5B00F8B187 /* Samples */,
				AD178CC51E6EEF5B00F8B187 /* VLTSensorBuilder.h */,
				AD178CC61E6EEF5B00F8B187 /* VLTSensorBuilder.m */,
			);
			path = Sensors;
			sourceTree = "<group>";
		};
		AD178CB01E6EEF5B00F8B187 /* Recorders */ = {
			isa = PBXGroup;
			children = (
				AD178CB31E6EEF5B00F8B187 /* VLTAccSensorRecorder.h */,
				AD178CB41E6EEF5B00F8B187 /* VLTAccSensorRecorder.m */,
				AD178CB51E6EEF5B00F8B187 /* VLTGyroSensorRecorder.h */,
				AD178CB61E6EEF5B00F8B187 /* VLTGyroSensorRecorder.m */,
				AD178CB71E6EEF5B00F8B187 /* VLTMotionRecorder.h */,
				AD178CB81E6EEF5B00F8B187 /* VLTMultiMotionRecorder.h */,
				AD178CB91E6EEF5B00F8B187 /* VLTMultiMotionRecorder.m */,
				AD178CBA1E6EEF5B00F8B187 /* VLTSensorRecorder.h */,
				AD178CBB1E6EEF5B00F8B187 /* VLTSensorRecorder.m */,
				AD178CBC1E6EEF5B00F8B187 /* VLTSensorTypes.h */,
				AD3D91271F3B461000208BA1 /* VLTSimulatorSensorRecorder.h */,
				AD3D91281F3B461000208BA1 /* VLTSimulatorSensorRecorder.m */,
				AD3D912B1F3C7CC700208BA1 /* VLTGPSSensorRecorder.h */,
				AD3D912C1F3C7CC700208BA1 /* VLTGPSSensorRecorder.m */,
			);
			path = Recorders;
			sourceTree = "<group>";
		};
		AD178CBD1E6EEF5B00F8B187 /* Samples */ = {
			isa = PBXGroup;
			children = (
				AD178CBE1E6EEF5B00F8B187 /* VLTData.h */,
				AD178CBF1E6EEF5B00F8B187 /* VLTData.m */,
				AD178CC01E6EEF5B00F8B187 /* VLTSample.h */,
				AD178CC11E6EEF5B00F8B187 /* VLTSampleBuilder.h */,
				AD178CC21E6EEF5B00F8B187 /* VLTSampleBuilder.m */,
				AD178CC31E6EEF5B00F8B187 /* VLTSimpleSample.h */,
				AD178CC41E6EEF5B00F8B187 /* VLTSimpleSample.m */,
			);
			path = Samples;
			sourceTree = "<group>";
		};
		AD178CC71E6EEF5B00F8B187 /* Support */ = {
			isa = PBXGroup;
			children = (
				AD178CCA1E6EEF5B00F8B187 /* VLTDate.h */,
				AD178CCB1E6EEF5B00F8B187 /* VLTDate.m */,
				AD178CCC1E6EEF5B00F8B187 /* VLTMacros.h */,
				AD178CCD1E6EEF5B00F8B187 /* VLTProtobufHelper.h */,
				AD178CCE1E6EEF5B00F8B187 /* VLTProtobufHelper.m */,
			);
			path = Support;
			sourceTree = "<group>";
		};
		AD24C3361F3C8C1600F3DB78 /* Sensors */ = {
			isa = PBXGroup;
			children = (
				AD24C3371F3C8C2800F3DB78 /* Recorders */,
			);
			path = Sensors;
			sourceTree = "<group>";
		};
		AD24C3371F3C8C2800F3DB78 /* Recorders */ = {
			isa = PBXGroup;
			children = (
				AD24C3381F3C8C5C00F3DB78 /* VLTGPSSensorRecorderTests.m */,
				B9D427601FED0AB2000D9818 /* VLTSensorRecorderTests.m */,
			);
			path = Recorders;
			sourceTree = "<group>";
		};
		AD30C1CD1F9A35C50056347E /* WebSockets */ = {
			isa = PBXGroup;
			children = (
				AD30C1C91F9A23330056347E /* VLTWsApiClient.h */,
				AD30C1CA1F9A23330056347E /* VLTWsApiClient.m */,
				AD30C1D21F9A43E10056347E /* VLTWsApiClientRequest.h */,
				AD30C1D31F9A43E10056347E /* VLTWsApiClientRequest.m */,
			);
			path = WebSockets;
			sourceTree = "<group>";
		};
		AD393D671F9E51F100F7E15A /* Products */ = {
			isa = PBXGroup;
			children = (
				AD393D6F1F9E51F100F7E15A /* libProtocolBuffers.a */,
				AD393D711F9E51F100F7E15A /* UnitTests.xctest */,
				AD393D731F9E51F100F7E15A /* iOSTestHarness.app */,
				AD393D751F9E51F100F7E15A /* libTestSingleSourceBuild.a */,
			);
			name = Products;
			sourceTree = "<group>";
		};
		AD393D7D1F9F54E600F7E15A /* Core */ = {
			isa = PBXGroup;
			children = (
				AD393D7E1F9F54FA00F7E15A /* VLTWsApiClientTests.m */,
			);
			path = Core;
			sourceTree = "<group>";
		};
		AD393D851FA06E8B00F7E15A /* Capture */ = {
			isa = PBXGroup;
			children = (
				AD393D8B1FA0743E00F7E15A /* VLTCaptureUpload.h */,
				AD9D69931FA0B0010060AA25 /* VLTWsCaptureUploadOperation.h */,
				AD9D69941FA0B0010060AA25 /* VLTWsCaptureUploadOperation.m */,
				AD5D3A001F4AE8B80042A4A2 /* VLTHTTPCaptureUploadOperation.h */,
				AD5D3A011F4AE8B80042A4A2 /* VLTHTTPCaptureUploadOperation.m */,
			);
			path = Capture;
			sourceTree = "<group>";
		};
		AD393D8D1FA075A400F7E15A /* Detect */ = {
			isa = PBXGroup;
			children = (
				AD393D8E1FA07E2B00F7E15A /* VLTMotionDetect.h */,
				AD9D698A1FA0A3C70060AA25 /* VLTWsMotionDetectOperation.h */,
				AD9D698B1FA0A3C70060AA25 /* VLTWsMotionDetectOperation.m */,
				AD5D3A061F4AEDEB0042A4A2 /* VLTHTTPMotionDetectOperation.h */,
				AD5D3A071F4AEDEB0042A4A2 /* VLTHTTPMotionDetectOperation.m */,
			);
			path = Detect;
			sourceTree = "<group>";
		};
		AD493F521E72A5CC0009572A /* vendor */ = {
			isa = PBXGroup;
			children = (
				AD393D661F9E51F100F7E15A /* ProtocolBuffers_iOS.xcodeproj */,
				AD493F531E72A5FD0009572A /* velocity-protobuf */,
			);
			path = vendor;
			sourceTree = "<group>";
		};
		AD493F531E72A5FD0009572A /* velocity-protobuf */ = {
			isa = PBXGroup;
			children = (
				AD493F591E72A5FD0009572A /* lib */,
			);
			path = "velocity-protobuf";
			sourceTree = "<group>";
		};
		AD493F591E72A5FD0009572A /* lib */ = {
			isa = PBXGroup;
			children = (
				AD493F5E1E72A5FD0009572A /* objc */,
			);
			path = lib;
			sourceTree = "<group>";
		};
		AD493F5E1E72A5FD0009572A /* objc */ = {
			isa = PBXGroup;
			children = (
				AD393D781F9E98A100F7E15A /* Velocity.pbobjc.h */,
				AD393D771F9E98A100F7E15A /* Velocity.pbobjc.m */,
			);
			path = objc;
			sourceTree = "<group>";
		};
		AD5D39C31F45C0B50042A4A2 /* Operations */ = {
			isa = PBXGroup;
			children = (
				AD9D69991FA0B3C30060AA25 /* LabeledDataUpload */,
				AD9D69981FA0B3780060AA25 /* ParkedDetect */,
				AD9D69971FA0B3650060AA25 /* DrivingDetect */,
				AD393D8D1FA075A400F7E15A /* Detect */,
				AD393D851FA06E8B00F7E15A /* Capture */,
				AD5D39C91F45C0B50042A4A2 /* VLTOperation.h */,
				AD5D39CA1F45C0B50042A4A2 /* VLTOperation.m */,
				AD5D39F61F4AC2510042A4A2 /* VLTMotionDataOperation.h */,
				AD5D39F71F4AC2510042A4A2 /* VLTMotionDataOperation.m */,
				AD393D801FA06E2400F7E15A /* VLTWsApiOperation.h */,
				AD393D811FA06E2400F7E15A /* VLTWsApiOperation.m */,
			);
			path = Operations;
			sourceTree = "<group>";
		};
		AD5D39EB1F46D59C0042A4A2 /* Operations */ = {
			isa = PBXGroup;
			children = (
				AD5D39FE1F4ACA8E0042A4A2 /* VLTLabeledDataUploadOperationTests.m */,
				AD5D3A0C1F4AF1630042A4A2 /* VLTDrivingDetectOperationTests.m */,
				AD5D3A0E1F4AF1B40042A4A2 /* VLTHTTPCaptureUploadOperationTests.m */,
				AD9919011F4B0C8F0002DE4E /* VLTParkedDetectionOperationTests.m */,
				ADF383C61FA1BFDE0099D867 /* VLTWsParkedDetectOperationTests.m */,
				ADF383C81FA2004F0099D867 /* VLTWsMotionDetectOperationTests.m */,
				ADF383CA1FA20CF80099D867 /* VLTWsCaptureUploadOperationTests.m */,
			);
			path = Operations;
			sourceTree = "<group>";
		};
		AD9D69971FA0B3650060AA25 /* DrivingDetect */ = {
			isa = PBXGroup;
			children = (
				AD5D3A041F4AEDEB0042A4A2 /* VLTDrivingDetectOperation.h */,
				AD5D3A051F4AEDEB0042A4A2 /* VLTDrivingDetectOperation.m */,
			);
			path = DrivingDetect;
			sourceTree = "<group>";
		};
		AD9D69981FA0B3780060AA25 /* ParkedDetect */ = {
			isa = PBXGroup;
			children = (
				AD9D699E1FA0B3FA0060AA25 /* VLTParkedDetect.h */,
				AD9918FD1F4B06CE0002DE4E /* VLTParkedDetectOperation.h */,
				AD9918FE1F4B06CE0002DE4E /* VLTParkedDetectOperation.m */,
				AD9D699A1FA0B3E70060AA25 /* VLTWsParkedDetectOperation.h */,
				AD9D699B1FA0B3E70060AA25 /* VLTWsParkedDetectOperation.m */,
			);
			path = ParkedDetect;
			sourceTree = "<group>";
		};
		AD9D69991FA0B3C30060AA25 /* LabeledDataUpload */ = {
			isa = PBXGroup;
			children = (
				AD5D39FA1F4AC4800042A4A2 /* VLTLabeledDataUploadOperation.h */,
				AD5D39FB1F4AC4800042A4A2 /* VLTLabeledDataUploadOperation.m */,
			);
			path = LabeledDataUpload;
			sourceTree = "<group>";
		};
		ADF433A41E5E3A15002D9097 /* Tests */ = {
			isa = PBXGroup;
			children = (
				AD393D7D1F9F54E600F7E15A /* Core */,
				AD5D39EB1F46D59C0042A4A2 /* Operations */,
				AD24C3361F3C8C1600F3DB78 /* Sensors */,
				ADF433A71E5E3A15002D9097 /* Info.plist */,
				ADF433B41E5E4555002D9097 /* VLTApiClientTests.m */,
				AD72F9121E5EFDC2000EDAB1 /* VLTManagerTests.m */,
				AD24C3341F3C882600F3DB78 /* VLTGPSTests.m */,
				AD1380A71F45AD25005400AA /* VLTClientTests.m */,
				B9746AF71F90D7520079F409 /* VLTDataThrottlerTests.m */,
			);
			path = Tests;
			sourceTree = "<group>";
		};
		B914941C1DB8AFBB007D941B = {
			isa = PBXGroup;
			children = (
				AD493F521E72A5CC0009572A /* vendor */,
				AD178C821E6EEC2000F8B187 /* Framework */,
				AD178C861E6EEF5B00F8B187 /* VelocitySDK */,
				ADF433A41E5E3A15002D9097 /* Tests */,
				B91494271DB8AFBB007D941B /* Products */,
				7E690D0360E63F8784D89F39 /* Frameworks */,
			);
			sourceTree = "<group>";
		};
		B91494271DB8AFBB007D941B /* Products */ = {
			isa = PBXGroup;
			children = (
				ADF433A31E5E3A15002D9097 /* Tests.xctest */,
				AD178C7A1E6EEA8400F8B187 /* VelocitySDK.framework */,
			);
			name = Products;
			sourceTree = "<group>";
		};
/* End PBXGroup section */

/* Begin PBXHeadersBuildPhase section */
		AD178C771E6EEA8400F8B187 /* Headers */ = {
			isa = PBXHeadersBuildPhase;
			buildActionMask = 2147483647;
			files = (
				AD178D131E6EEF5B00F8B187 /* VLTErrors.h in Headers */,
				AD30C1CB1F9A23330056347E /* VLTWsApiClient.h in Headers */,
				ADB3F1FA1F349CBC001A191D /* VLTUserDataStore.h in Headers */,
				AD178D141E6EEF5B00F8B187 /* VLTManager.h in Headers */,
				AD5D3A081F4AEDEB0042A4A2 /* VLTDrivingDetectOperation.h in Headers */,
				AD178CFB1E6EEF5B00F8B187 /* VLTGyroSensorRecorder.h in Headers */,
				AD178CEB1E6EEF5B00F8B187 /* VLTCore.h in Headers */,
				AD9918FF1F4B06CE0002DE4E /* VLTParkedDetectOperation.h in Headers */,
				AD178CEF1E6EEF5B00F8B187 /* VLTNotification.h in Headers */,
				AD178CE31E6EEF5B00F8B187 /* VLTActivityItem.h in Headers */,
				AD1254831F4563CB00EBC849 /* VLTMotionDetectResult.h in Headers */,
				AD5D39F81F4AC2510042A4A2 /* VLTMotionDataOperation.h in Headers */,
				AD178D021E6EEF5B00F8B187 /* VLTSensorTypes.h in Headers */,
				AD393D7A1F9E98A100F7E15A /* Velocity.pbobjc.h in Headers */,
				AD6C939B1F45722A00702051 /* VLTClient.h in Headers */,
				AD3D91291F3B461000208BA1 /* VLTSimulatorSensorRecorder.h in Headers */,
				ADA659001F4D65E000611F75 /* VLTCoreMotionActivityTracker.h in Headers */,
				AD9D699F1FA0B3FA0060AA25 /* VLTParkedDetect.h in Headers */,
				AD0EFAB71F9DD74F007D7BE0 /* FifoListQueue.h in Headers */,
				AD9D698C1FA0A3C70060AA25 /* VLTWsMotionDetectOperation.h in Headers */,
				AD178CF31E6EEF5B00F8B187 /* VLTRecordingConfig.h in Headers */,
				AD9D69951FA0B0010060AA25 /* VLTWsCaptureUploadOperation.h in Headers */,
				AD393D8C1FA0743E00F7E15A /* VLTCaptureUpload.h in Headers */,
				AD178CFD1E6EEF5B00F8B187 /* VLTMotionRecorder.h in Headers */,
				AD0EFABA1F9DD775007D7BE0 /* ListQueue.h in Headers */,
				AD393D821FA06E2400F7E15A /* VLTWsApiOperation.h in Headers */,
				AD5D39FC1F4AC4800042A4A2 /* VLTLabeledDataUploadOperation.h in Headers */,
				AD5D39CF1F45C0B50042A4A2 /* VLTOperation.h in Headers */,
				AD178D081E6EEF5B00F8B187 /* VLTSimpleSample.h in Headers */,
				AD178CE51E6EEF5B00F8B187 /* VLTApiClient.h in Headers */,
				AD178CE71E6EEF5B00F8B187 /* VLTConfig.h in Headers */,
				AD3D912D1F3C7CC700208BA1 /* VLTGPSSensorRecorder.h in Headers */,
				AD9D699C1FA0B3E70060AA25 /* VLTWsParkedDetectOperation.h in Headers */,
				B92162901F8F840B009E18D0 /* VLTDataThrottler.h in Headers */,
				AD178CF91E6EEF5B00F8B187 /* VLTAccSensorRecorder.h in Headers */,
				AD5D3A021F4AE8B80042A4A2 /* VLTHTTPCaptureUploadOperation.h in Headers */,
				AD178D111E6EEF5B00F8B187 /* VLTProtobufHelper.h in Headers */,
				AD178D0A1E6EEF5B00F8B187 /* VLTSensorBuilder.h in Headers */,
				AD393D8F1FA07E2B00F7E15A /* VLTMotionDetect.h in Headers */,
				AD178D031E6EEF5B00F8B187 /* VLTData.h in Headers */,
				AD178D0E1E6EEF5B00F8B187 /* VLTDate.h in Headers */,
				AD178D051E6EEF5B00F8B187 /* VLTSample.h in Headers */,
				AD178CED1E6EEF5B00F8B187 /* VLTMotion.h in Headers */,
				AD178CFE1E6EEF5B00F8B187 /* VLTMultiMotionRecorder.h in Headers */,
				AD178D061E6EEF5B00F8B187 /* VLTSampleBuilder.h in Headers */,
				AD85FE921F4C47B800656A6D /* VLTGPS.h in Headers */,
				AD30C1D41F9A43E10056347E /* VLTWsApiClientRequest.h in Headers */,
				AD178D001E6EEF5B00F8B187 /* VLTSensorRecorder.h in Headers */,
				AD178D101E6EEF5B00F8B187 /* VLTMacros.h in Headers */,
				AD5D3A0A1F4AEDEB0042A4A2 /* VLTHTTPMotionDetectOperation.h in Headers */,
				AD178CE91E6EEF5B00F8B187 /* VLTConstants.h in Headers */,
			);
			runOnlyForDeploymentPostprocessing = 0;
		};
/* End PBXHeadersBuildPhase section */

/* Begin PBXNativeTarget section */
		AD178C791E6EEA8400F8B187 /* VelocitySDK iOS */ = {
			isa = PBXNativeTarget;
			buildConfigurationList = AD178C7F1E6EEA8400F8B187 /* Build configuration list for PBXNativeTarget "VelocitySDK iOS" */;
			buildPhases = (
				AD178C751E6EEA8400F8B187 /* Sources */,
				AD178C761E6EEA8400F8B187 /* Frameworks */,
				AD178C771E6EEA8400F8B187 /* Headers */,
				AD178C781E6EEA8400F8B187 /* Resources */,
			);
			buildRules = (
			);
			dependencies = (
			);
			name = "VelocitySDK iOS";
			productName = "VelocitySDK iOS";
			productReference = AD178C7A1E6EEA8400F8B187 /* VelocitySDK.framework */;
			productType = "com.apple.product-type.framework";
		};
		ADF433A21E5E3A15002D9097 /* Tests */ = {
			isa = PBXNativeTarget;
			buildConfigurationList = ADF433AE1E5E3A15002D9097 /* Build configuration list for PBXNativeTarget "Tests" */;
			buildPhases = (
				ADF4339F1E5E3A15002D9097 /* Sources */,
				ADF433A01E5E3A15002D9097 /* Frameworks */,
				ADF433A11E5E3A15002D9097 /* Resources */,
				AD72F8ED1E5E51E1000EDAB1 /* Copy Frameworks */,
			);
			buildRules = (
			);
			dependencies = (
				AD9674C91E6F0AFC001D536D /* PBXTargetDependency */,
			);
			name = Tests;
			productName = VelocityTests;
			productReference = ADF433A31E5E3A15002D9097 /* Tests.xctest */;
			productType = "com.apple.product-type.bundle.unit-test";
		};
/* End PBXNativeTarget section */

/* Begin PBXProject section */
		B914941D1DB8AFBB007D941B /* Project object */ = {
			isa = PBXProject;
			attributes = {
				CLASSPREFIX = VLT;
				LastUpgradeCheck = 0910;
				ORGANIZATIONNAME = "VLCTY, Inc";
				TargetAttributes = {
					AD178C791E6EEA8400F8B187 = {
						CreatedOnToolsVersion = 8.2.1;
						DevelopmentTeam = X983NVGJMG;
						ProvisioningStyle = Automatic;
					};
					ADF433A21E5E3A15002D9097 = {
						CreatedOnToolsVersion = 8.2.1;
						DevelopmentTeam = X983NVGJMG;
						ProvisioningStyle = Automatic;
					};
				};
			};
			buildConfigurationList = B91494201DB8AFBB007D941B /* Build configuration list for PBXProject "VelocitySDK" */;
			compatibilityVersion = "Xcode 3.2";
			developmentRegion = English;
			hasScannedForEncodings = 0;
			knownRegions = (
				en,
				Base,
			);
			mainGroup = B914941C1DB8AFBB007D941B;
			productRefGroup = B91494271DB8AFBB007D941B /* Products */;
			projectDirPath = "";
			projectReferences = (
				{
					ProductGroup = AD393D671F9E51F100F7E15A /* Products */;
					ProjectRef = AD393D661F9E51F100F7E15A /* ProtocolBuffers_iOS.xcodeproj */;
				},
			);
			projectRoot = "";
			targets = (
				AD178C791E6EEA8400F8B187 /* VelocitySDK iOS */,
				ADF433A21E5E3A15002D9097 /* Tests */,
			);
		};
/* End PBXProject section */

/* Begin PBXReferenceProxy section */
		AD393D6F1F9E51F100F7E15A /* libProtocolBuffers.a */ = {
			isa = PBXReferenceProxy;
			fileType = archive.ar;
			path = libProtocolBuffers.a;
			remoteRef = AD393D6E1F9E51F100F7E15A /* PBXContainerItemProxy */;
			sourceTree = BUILT_PRODUCTS_DIR;
		};
		AD393D711F9E51F100F7E15A /* UnitTests.xctest */ = {
			isa = PBXReferenceProxy;
			fileType = wrapper.cfbundle;
			path = UnitTests.xctest;
			remoteRef = AD393D701F9E51F100F7E15A /* PBXContainerItemProxy */;
			sourceTree = BUILT_PRODUCTS_DIR;
		};
		AD393D731F9E51F100F7E15A /* iOSTestHarness.app */ = {
			isa = PBXReferenceProxy;
			fileType = wrapper.application;
			path = iOSTestHarness.app;
			remoteRef = AD393D721F9E51F100F7E15A /* PBXContainerItemProxy */;
			sourceTree = BUILT_PRODUCTS_DIR;
		};
		AD393D751F9E51F100F7E15A /* libTestSingleSourceBuild.a */ = {
			isa = PBXReferenceProxy;
			fileType = archive.ar;
			path = libTestSingleSourceBuild.a;
			remoteRef = AD393D741F9E51F100F7E15A /* PBXContainerItemProxy */;
			sourceTree = BUILT_PRODUCTS_DIR;
		};
/* End PBXReferenceProxy section */

/* Begin PBXResourcesBuildPhase section */
		AD178C781E6EEA8400F8B187 /* Resources */ = {
			isa = PBXResourcesBuildPhase;
			buildActionMask = 2147483647;
			files = (
			);
			runOnlyForDeploymentPostprocessing = 0;
		};
		ADF433A11E5E3A15002D9097 /* Resources */ = {
			isa = PBXResourcesBuildPhase;
			buildActionMask = 2147483647;
			files = (
			);
			runOnlyForDeploymentPostprocessing = 0;
		};
/* End PBXResourcesBuildPhase section */

/* Begin PBXSourcesBuildPhase section */
		AD178C751E6EEA8400F8B187 /* Sources */ = {
			isa = PBXSourcesBuildPhase;
			buildActionMask = 2147483647;
			files = (
				AD178D0F1E6EEF5B00F8B187 /* VLTDate.m in Sources */,
				AD85FE931F4C47B800656A6D /* VLTGPS.m in Sources */,
				AD178D151E6EEF5B00F8B187 /* VLTManager.m in Sources */,
				AD178CFF1E6EEF5B00F8B187 /* VLTMultiMotionRecorder.m in Sources */,
				AD393D791F9E98A100F7E15A /* Velocity.pbobjc.m in Sources */,
				AD178CF41E6EEF5B00F8B187 /* VLTRecordingConfig.m in Sources */,
				AD178D071E6EEF5B00F8B187 /* VLTSampleBuilder.m in Sources */,
				AD178CE61E6EEF5B00F8B187 /* VLTApiClient.m in Sources */,
				AD5D3A0B1F4AEDEB0042A4A2 /* VLTHTTPMotionDetectOperation.m in Sources */,
				AD393D831FA06E2400F7E15A /* VLTWsApiOperation.m in Sources */,
				AD5D39D01F45C0B50042A4A2 /* VLTOperation.m in Sources */,
				AD178D0B1E6EEF5B00F8B187 /* VLTSensorBuilder.m in Sources */,
				AD30C1CC1F9A23330056347E /* VLTWsApiClient.m in Sources */,
				AD178D091E6EEF5B00F8B187 /* VLTSimpleSample.m in Sources */,
				AD178CFA1E6EEF5B00F8B187 /* VLTAccSensorRecorder.m in Sources */,
				AD6C939C1F45722A00702051 /* VLTClient.m in Sources */,
				AD3D912A1F3B461000208BA1 /* VLTSimulatorSensorRecorder.m in Sources */,
				AD9919001F4B06CE0002DE4E /* VLTParkedDetectOperation.m in Sources */,
				AD5D3A031F4AE8B80042A4A2 /* VLTHTTPCaptureUploadOperation.m in Sources */,
				AD3D912E1F3C7CC700208BA1 /* VLTGPSSensorRecorder.m in Sources */,
				AD178CEC1E6EEF5B00F8B187 /* VLTCore.m in Sources */,
				AD178D011E6EEF5B00F8B187 /* VLTSensorRecorder.m in Sources */,
				AD178CEA1E6EEF5B00F8B187 /* VLTConstants.m in Sources */,
				AD178CEE1E6EEF5B00F8B187 /* VLTMotion.m in Sources */,
				AD178D121E6EEF5B00F8B187 /* VLTProtobufHelper.m in Sources */,
				AD178CFC1E6EEF5B00F8B187 /* VLTGyroSensorRecorder.m in Sources */,
				B92162911F8F840B009E18D0 /* VLTDataThrottler.m in Sources */,
				AD178CE81E6EEF5B00F8B187 /* VLTConfig.m in Sources */,
				AD30C1D51F9A43E10056347E /* VLTWsApiClientRequest.m in Sources */,
				AD9D69961FA0B0010060AA25 /* VLTWsCaptureUploadOperation.m in Sources */,
				AD9D699D1FA0B3E70060AA25 /* VLTWsParkedDetectOperation.m in Sources */,
				AD178D041E6EEF5B00F8B187 /* VLTData.m in Sources */,
				AD1254841F4563CB00EBC849 /* VLTMotionDetectResult.m in Sources */,
				AD178CF01E6EEF5B00F8B187 /* VLTNotification.m in Sources */,
				AD5D39FD1F4AC4800042A4A2 /* VLTLabeledDataUploadOperation.m in Sources */,
				AD0EFAB81F9DD74F007D7BE0 /* FifoListQueue.m in Sources */,
				AD178CE41E6EEF5B00F8B187 /* VLTActivityItem.m in Sources */,
				ADB3F1FB1F349CBC001A191D /* VLTUserDataStore.m in Sources */,
				ADA659011F4D65E000611F75 /* VLTCoreMotionActivityTracker.m in Sources */,
				AD5D39F91F4AC2510042A4A2 /* VLTMotionDataOperation.m in Sources */,
				AD5D3A091F4AEDEB0042A4A2 /* VLTDrivingDetectOperation.m in Sources */,
				AD9D698D1FA0A3C70060AA25 /* VLTWsMotionDetectOperation.m in Sources */,
			);
			runOnlyForDeploymentPostprocessing = 0;
		};
		ADF4339F1E5E3A15002D9097 /* Sources */ = {
			isa = PBXSourcesBuildPhase;
			buildActionMask = 2147483647;
			files = (
				AD24C3391F3C8C5C00F3DB78 /* VLTGPSSensorRecorderTests.m in Sources */,
				AD9674C71E6F0ADF001D536D /* VLTManagerTests.m in Sources */,
				AD5D39FF1F4ACA8E0042A4A2 /* VLTLabeledDataUploadOperationTests.m in Sources */,
				AD9674C61E6F0ADC001D536D /* VLTApiClientTests.m in Sources */,
				ADF383C71FA1BFDE0099D867 /* VLTWsParkedDetectOperationTests.m in Sources */,
				AD24C3351F3C882600F3DB78 /* VLTGPSTests.m in Sources */,
				AD5D3A0F1F4AF1B40042A4A2 /* VLTHTTPCaptureUploadOperationTests.m in Sources */,
				AD393D7F1F9F54FA00F7E15A /* VLTWsApiClientTests.m in Sources */,
				ADF383CB1FA20CF80099D867 /* VLTWsCaptureUploadOperationTests.m in Sources */,
				B9D427611FED0AB2000D9818 /* VLTSensorRecorderTests.m in Sources */,
				AD9919021F4B0C8F0002DE4E /* VLTParkedDetectionOperationTests.m in Sources */,
				B9746AF81F90D7520079F409 /* VLTDataThrottlerTests.m in Sources */,
				AD1380A81F45AD25005400AA /* VLTClientTests.m in Sources */,
				AD5D3A0D1F4AF1630042A4A2 /* VLTDrivingDetectOperationTests.m in Sources */,
				ADF383C91FA2004F0099D867 /* VLTWsMotionDetectOperationTests.m in Sources */,
			);
			runOnlyForDeploymentPostprocessing = 0;
		};
/* End PBXSourcesBuildPhase section */

/* Begin PBXTargetDependency section */
		AD9674C91E6F0AFC001D536D /* PBXTargetDependency */ = {
			isa = PBXTargetDependency;
			target = AD178C791E6EEA8400F8B187 /* VelocitySDK iOS */;
			targetProxy = AD9674C81E6F0AFC001D536D /* PBXContainerItemProxy */;
		};
/* End PBXTargetDependency section */

/* Begin XCBuildConfiguration section */
		AD178C801E6EEA8400F8B187 /* Debug */ = {
			isa = XCBuildConfiguration;
			buildSettings = {
				BITCODE_GENERATION_MODE = marker;
				"CODE_SIGN_IDENTITY[sdk=iphoneos*]" = "";
				DEFINES_MODULE = YES;
				DEVELOPMENT_TEAM = X983NVGJMG;
				DYLIB_COMPATIBILITY_VERSION = 1;
				DYLIB_CURRENT_VERSION = 1;
				DYLIB_INSTALL_NAME_BASE = "@rpath";
				FRAMEWORK_SEARCH_PATHS = (
					"$(inherited)",
					"$(PROJECT_DIR)/Carthage/Build/iOS",
				);
				INFOPLIST_FILE = ./Framework/Info.plist;
				INSTALL_PATH = "$(LOCAL_LIBRARY_DIR)/Frameworks";
				IPHONEOS_DEPLOYMENT_TARGET = 8.0;
				LD_RUNPATH_SEARCH_PATHS = "$(inherited) @executable_path/Frameworks @loader_path/Frameworks";
				PRODUCT_BUNDLE_IDENTIFIER = net.vlcty.VelocitySDK;
				PRODUCT_NAME = VelocitySDK;
				SKIP_INSTALL = YES;
			};
			name = Debug;
		};
		AD178C811E6EEA8400F8B187 /* Release */ = {
			isa = XCBuildConfiguration;
			buildSettings = {
				BITCODE_GENERATION_MODE = bitcode;
				"CODE_SIGN_IDENTITY[sdk=iphoneos*]" = "";
				DEFINES_MODULE = YES;
				DEVELOPMENT_TEAM = X983NVGJMG;
				DYLIB_COMPATIBILITY_VERSION = 1;
				DYLIB_CURRENT_VERSION = 1;
				DYLIB_INSTALL_NAME_BASE = "@rpath";
				FRAMEWORK_SEARCH_PATHS = (
					"$(inherited)",
					"$(PROJECT_DIR)/Carthage/Build/iOS",
				);
				INFOPLIST_FILE = ./Framework/Info.plist;
				INSTALL_PATH = "$(LOCAL_LIBRARY_DIR)/Frameworks";
				IPHONEOS_DEPLOYMENT_TARGET = 8.0;
				LD_RUNPATH_SEARCH_PATHS = "$(inherited) @executable_path/Frameworks @loader_path/Frameworks";
				PRODUCT_BUNDLE_IDENTIFIER = net.vlcty.VelocitySDK;
				PRODUCT_NAME = VelocitySDK;
				SKIP_INSTALL = YES;
			};
			name = Release;
		};
		ADF433AB1E5E3A15002D9097 /* Debug */ = {
			isa = XCBuildConfiguration;
			buildSettings = {
				DEVELOPMENT_TEAM = X983NVGJMG;
				FRAMEWORK_SEARCH_PATHS = (
					"$(inherited)",
					"$(PROJECT_DIR)/Carthage/Build/iOS",
				);
				GCC_OPTIMIZATION_LEVEL = 0;
				INFOPLIST_FILE = Tests/Info.plist;
				IPHONEOS_DEPLOYMENT_TARGET = 10.2;
				LD_RUNPATH_SEARCH_PATHS = "$(inherited) @executable_path/Frameworks @loader_path/Frameworks";
				PRODUCT_BUNDLE_IDENTIFIER = net.vlcty.VelocitySDK.Tests;
				PRODUCT_NAME = "$(TARGET_NAME)";
			};
			name = Debug;
		};
		ADF433AC1E5E3A15002D9097 /* Release */ = {
			isa = XCBuildConfiguration;
			buildSettings = {
				DEVELOPMENT_TEAM = X983NVGJMG;
				FRAMEWORK_SEARCH_PATHS = (
					"$(inherited)",
					"$(PROJECT_DIR)/Carthage/Build/iOS",
				);
				GCC_OPTIMIZATION_LEVEL = 0;
				INFOPLIST_FILE = Tests/Info.plist;
				IPHONEOS_DEPLOYMENT_TARGET = 10.2;
				LD_RUNPATH_SEARCH_PATHS = "$(inherited) @executable_path/Frameworks @loader_path/Frameworks";
				PRODUCT_BUNDLE_IDENTIFIER = net.vlcty.VelocitySDK.Tests;
				PRODUCT_NAME = "$(TARGET_NAME)";
			};
			name = Release;
		};
		B91494381DB8AFBB007D941B /* Debug */ = {
			isa = XCBuildConfiguration;
			buildSettings = {
				ALWAYS_SEARCH_USER_PATHS = NO;
				CLANG_ANALYZER_NONNULL = YES;
				CLANG_CXX_LANGUAGE_STANDARD = "gnu++0x";
				CLANG_CXX_LIBRARY = "libc++";
				CLANG_ENABLE_MODULES = YES;
				CLANG_ENABLE_OBJC_ARC = YES;
				CLANG_WARN_BLOCK_CAPTURE_AUTORELEASING = YES;
				CLANG_WARN_BOOL_CONVERSION = YES;
				CLANG_WARN_COMMA = YES;
				CLANG_WARN_CONSTANT_CONVERSION = YES;
				CLANG_WARN_DIRECT_OBJC_ISA_USAGE = YES_ERROR;
				CLANG_WARN_DOCUMENTATION_COMMENTS = YES;
				CLANG_WARN_EMPTY_BODY = YES;
				CLANG_WARN_ENUM_CONVERSION = YES;
				CLANG_WARN_INFINITE_RECURSION = YES;
				CLANG_WARN_INT_CONVERSION = YES;
				CLANG_WARN_NON_LITERAL_NULL_CONVERSION = YES;
				CLANG_WARN_OBJC_LITERAL_CONVERSION = YES;
				CLANG_WARN_OBJC_ROOT_CLASS = YES_ERROR;
				CLANG_WARN_RANGE_LOOP_ANALYSIS = YES;
				CLANG_WARN_STRICT_PROTOTYPES = YES;
				CLANG_WARN_SUSPICIOUS_MOVE = YES;
				CLANG_WARN_SUSPICIOUS_MOVES = YES;
				CLANG_WARN_UNREACHABLE_CODE = YES;
				CLANG_WARN__DUPLICATE_METHOD_MATCH = YES;
				"CODE_SIGN_IDENTITY[sdk=iphoneos*]" = "iPhone Developer";
				COPY_PHASE_STRIP = NO;
				CURRENT_PROJECT_VERSION = 1;
				DEAD_CODE_STRIPPING = NO;
				DEBUG_INFORMATION_FORMAT = dwarf;
				ENABLE_STRICT_OBJC_MSGSEND = YES;
				ENABLE_TESTABILITY = YES;
				GCC_DYNAMIC_NO_PIC = NO;
				GCC_NO_COMMON_BLOCKS = YES;
				GCC_PREPROCESSOR_DEFINITIONS = (
					"DEBUG=1",
					"$(inherited)",
				);
				GCC_WARN_64_TO_32_BIT_CONVERSION = YES;
				GCC_WARN_ABOUT_RETURN_TYPE = YES_ERROR;
				GCC_WARN_UNDECLARED_SELECTOR = YES;
				GCC_WARN_UNINITIALIZED_AUTOS = YES_AGGRESSIVE;
				GCC_WARN_UNUSED_FUNCTION = YES;
				GCC_WARN_UNUSED_VARIABLE = YES;
				HEADER_SEARCH_PATHS = "$(PROJECT_DIR)/vendor/protobuf/objectivec";
				IPHONEOS_DEPLOYMENT_TARGET = 8.0;
				MODULEMAP_FILE = "$(PROJECT_DIR)/Framework/module.modulemap";
				MTL_ENABLE_DEBUG_INFO = YES;
				ONLY_ACTIVE_ARCH = YES;
				OTHER_LDFLAGS = "-ObjC";
				SDKROOT = iphoneos;
				STRIP_STYLE = debugging;
				TARGETED_DEVICE_FAMILY = "1,2";
				VALIDATE_PRODUCT = YES;
				VERSIONING_SYSTEM = "apple-generic";
				VERSION_INFO_PREFIX = "";
			};
			name = Debug;
		};
		B91494391DB8AFBB007D941B /* Release */ = {
			isa = XCBuildConfiguration;
			buildSettings = {
				ALWAYS_SEARCH_USER_PATHS = NO;
				CLANG_ANALYZER_NONNULL = YES;
				CLANG_CXX_LANGUAGE_STANDARD = "gnu++0x";
				CLANG_CXX_LIBRARY = "libc++";
				CLANG_ENABLE_MODULES = YES;
				CLANG_ENABLE_OBJC_ARC = YES;
				CLANG_WARN_BLOCK_CAPTURE_AUTORELEASING = YES;
				CLANG_WARN_BOOL_CONVERSION = YES;
				CLANG_WARN_COMMA = YES;
				CLANG_WARN_CONSTANT_CONVERSION = YES;
				CLANG_WARN_DIRECT_OBJC_ISA_USAGE = YES_ERROR;
				CLANG_WARN_DOCUMENTATION_COMMENTS = YES;
				CLANG_WARN_EMPTY_BODY = YES;
				CLANG_WARN_ENUM_CONVERSION = YES;
				CLANG_WARN_INFINITE_RECURSION = YES;
				CLANG_WARN_INT_CONVERSION = YES;
				CLANG_WARN_NON_LITERAL_NULL_CONVERSION = YES;
				CLANG_WARN_OBJC_LITERAL_CONVERSION = YES;
				CLANG_WARN_OBJC_ROOT_CLASS = YES_ERROR;
				CLANG_WARN_RANGE_LOOP_ANALYSIS = YES;
				CLANG_WARN_STRICT_PROTOTYPES = YES;
				CLANG_WARN_SUSPICIOUS_MOVE = YES;
				CLANG_WARN_SUSPICIOUS_MOVES = YES;
				CLANG_WARN_UNREACHABLE_CODE = YES;
				CLANG_WARN__DUPLICATE_METHOD_MATCH = YES;
				"CODE_SIGN_IDENTITY[sdk=iphoneos*]" = "iPhone Developer";
				COPY_PHASE_STRIP = NO;
				CURRENT_PROJECT_VERSION = 1;
				DEAD_CODE_STRIPPING = NO;
				DEBUG_INFORMATION_FORMAT = "dwarf-with-dsym";
				ENABLE_NS_ASSERTIONS = NO;
				ENABLE_STRICT_OBJC_MSGSEND = YES;
				ENABLE_TESTABILITY = YES;
				GCC_NO_COMMON_BLOCKS = YES;
				GCC_WARN_64_TO_32_BIT_CONVERSION = YES;
				GCC_WARN_ABOUT_RETURN_TYPE = YES_ERROR;
				GCC_WARN_UNDECLARED_SELECTOR = YES;
				GCC_WARN_UNINITIALIZED_AUTOS = YES_AGGRESSIVE;
				GCC_WARN_UNUSED_FUNCTION = YES;
				GCC_WARN_UNUSED_VARIABLE = YES;
				HEADER_SEARCH_PATHS = "$(PROJECT_DIR)/vendor/protobuf/objectivec";
				IPHONEOS_DEPLOYMENT_TARGET = 8.0;
				MODULEMAP_FILE = "$(PROJECT_DIR)/Framework/module.modulemap";
				MTL_ENABLE_DEBUG_INFO = NO;
				OTHER_LDFLAGS = "-ObjC";
				SDKROOT = iphoneos;
				STRIP_STYLE = debugging;
				TARGETED_DEVICE_FAMILY = "1,2";
				VALIDATE_PRODUCT = YES;
				VERSIONING_SYSTEM = "apple-generic";
				VERSION_INFO_PREFIX = "";
			};
			name = Release;
		};
/* End XCBuildConfiguration section */

/* Begin XCConfigurationList section */
		AD178C7F1E6EEA8400F8B187 /* Build configuration list for PBXNativeTarget "VelocitySDK iOS" */ = {
			isa = XCConfigurationList;
			buildConfigurations = (
				AD178C801E6EEA8400F8B187 /* Debug */,
				AD178C811E6EEA8400F8B187 /* Release */,
			);
			defaultConfigurationIsVisible = 0;
			defaultConfigurationName = Release;
		};
		ADF433AE1E5E3A15002D9097 /* Build configuration list for PBXNativeTarget "Tests" */ = {
			isa = XCConfigurationList;
			buildConfigurations = (
				ADF433AB1E5E3A15002D9097 /* Debug */,
				ADF433AC1E5E3A15002D9097 /* Release */,
			);
			defaultConfigurationIsVisible = 0;
			defaultConfigurationName = Release;
		};
		B91494201DB8AFBB007D941B /* Build configuration list for PBXProject "VelocitySDK" */ = {
			isa = XCConfigurationList;
			buildConfigurations = (
				B91494381DB8AFBB007D941B /* Debug */,
				B91494391DB8AFBB007D941B /* Release */,
			);
			defaultConfigurationIsVisible = 0;
			defaultConfigurationName = Release;
		};
/* End XCConfigurationList section */
	};
	rootObject = B914941D1DB8AFBB007D941B /* Project object */;
}
